// !$*UTF8*$!
{
	archiveVersion = 1;
	classes = {
	};
	objectVersion = 48;
	objects = {

/* Begin PBXBuildFile section */
		AF0EB4882068EC1C0089FD44 /* AppDelegate.swift in Sources */ = {isa = PBXBuildFile; fileRef = AF0EB4872068EC1C0089FD44 /* AppDelegate.swift */; };
		AF0EB48A2068EC1C0089FD44 /* ViewController.swift in Sources */ = {isa = PBXBuildFile; fileRef = AF0EB4892068EC1C0089FD44 /* ViewController.swift */; };
		AF0EB48D2068EC1C0089FD44 /* Main.storyboard in Resources */ = {isa = PBXBuildFile; fileRef = AF0EB48B2068EC1C0089FD44 /* Main.storyboard */; };
		AF0EB48F2068EC1C0089FD44 /* Assets.xcassets in Resources */ = {isa = PBXBuildFile; fileRef = AF0EB48E2068EC1C0089FD44 /* Assets.xcassets */; };
		AF0EB4922068EC1C0089FD44 /* LaunchScreen.storyboard in Resources */ = {isa = PBXBuildFile; fileRef = AF0EB4902068EC1C0089FD44 /* LaunchScreen.storyboard */; };
		AF0EB49D2068EC1C0089FD44 /* X1Tests.swift in Sources */ = {isa = PBXBuildFile; fileRef = AF0EB49C2068EC1C0089FD44 /* X1Tests.swift */; };
		AF0EB4A82068EC1C0089FD44 /* X1UITests.swift in Sources */ = {isa = PBXBuildFile; fileRef = AF0EB4A72068EC1C0089FD44 /* X1UITests.swift */; };
/* End PBXBuildFile section */

/* Begin PBXContainerItemProxy section */
		AF0EB4992068EC1C0089FD44 /* PBXContainerItemProxy */ = {
			isa = PBXContainerItemProxy;
			containerPortal = AF0EB47C2068EC1C0089FD44 /* Project object */;
			proxyType = 1;
			remoteGlobalIDString = AF0EB4832068EC1C0089FD44;
			remoteInfo = X1;
		};
		AF0EB4A42068EC1C0089FD44 /* PBXContainerItemProxy */ = {
			isa = PBXContainerItemProxy;
			containerPortal = AF0EB47C2068EC1C0089FD44 /* Project object */;
			proxyType = 1;
			remoteGlobalIDString = AF0EB4832068EC1C0089FD44;
			remoteInfo = X1;
		};
/* End PBXContainerItemProxy section */

/* Begin PBXFileReference section */
		AF0EB4842068EC1C0089FD44 /* X1.app */ = {isa = PBXFileReference; explicitFileType = wrapper.application; includeInIndex = 0; path = X1.app; sourceTree = BUILT_PRODUCTS_DIR; };
		AF0EB4872068EC1C0089FD44 /* AppDelegate.swift */ = {isa = PBXFileReference; lastKnownFileType = sourcecode.swift; path = AppDelegate.swift; sourceTree = "<group>"; };
		AF0EB4892068EC1C0089FD44 /* ViewController.swift */ = {isa = PBXFileReference; lastKnownFileType = sourcecode.swift; path = ViewController.swift; sourceTree = "<group>"; };
		AF0EB48C2068EC1C0089FD44 /* Base */ = {isa = PBXFileReference; lastKnownFileType = file.storyboard; name = Base; path = Base.lproj/Main.storyboard; sourceTree = "<group>"; };
		AF0EB48E2068EC1C0089FD44 /* Assets.xcassets */ = {isa = PBXFileReference; lastKnownFileType = folder.assetcatalog; path = Assets.xcassets; sourceTree = "<group>"; };
		AF0EB4912068EC1C0089FD44 /* Base */ = {isa = PBXFileReference; lastKnownFileType = file.storyboard; name = Base; path = Base.lproj/LaunchScreen.storyboard; sourceTree = "<group>"; };
		AF0EB4932068EC1C0089FD44 /* Info.plist */ = {isa = PBXFileReference; lastKnownFileType = text.plist.xml; path = Info.plist; sourceTree = "<group>"; };
		AF0EB4982068EC1C0089FD44 /* X1Tests.xctest */ = {isa = PBXFileReference; explicitFileType = wrapper.cfbundle; includeInIndex = 0; path = X1Tests.xctest; sourceTree = BUILT_PRODUCTS_DIR; };
		AF0EB49C2068EC1C0089FD44 /* X1Tests.swift */ = {isa = PBXFileReference; lastKnownFileType = sourcecode.swift; path = X1Tests.swift; sourceTree = "<group>"; };
		AF0EB49E2068EC1C0089FD44 /* Info.plist */ = {isa = PBXFileReference; lastKnownFileType = text.plist.xml; path = Info.plist; sourceTree = "<group>"; };
		AF0EB4A32068EC1C0089FD44 /* X1UITests.xctest */ = {isa = PBXFileReference; explicitFileType = wrapper.cfbundle; includeInIndex = 0; path = X1UITests.xctest; sourceTree = BUILT_PRODUCTS_DIR; };
		AF0EB4A72068EC1C0089FD44 /* X1UITests.swift */ = {isa = PBXFileReference; lastKnownFileType = sourcecode.swift; path = X1UITests.swift; sourceTree = "<group>"; };
		AF0EB4A92068EC1C0089FD44 /* Info.plist */ = {isa = PBXFileReference; lastKnownFileType = text.plist.xml; path = Info.plist; sourceTree = "<group>"; };
/* End PBXFileReference section */

/* Begin PBXFrameworksBuildPhase section */
		AF0EB4812068EC1C0089FD44 /* Frameworks */ = {
			isa = PBXFrameworksBuildPhase;
			buildActionMask = 2147483647;
			files = (
			);
			runOnlyForDeploymentPostprocessing = 0;
		};
		AF0EB4952068EC1C0089FD44 /* Frameworks */ = {
			isa = PBXFrameworksBuildPhase;
			buildActionMask = 2147483647;
			files = (
			);
			runOnlyForDeploymentPostprocessing = 0;
		};
		AF0EB4A02068EC1C0089FD44 /* Frameworks */ = {
			isa = PBXFrameworksBuildPhase;
			buildActionMask = 2147483647;
			files = (
			);
			runOnlyForDeploymentPostprocessing = 0;
		};
/* End PBXFrameworksBuildPhase section */

/* Begin PBXGroup section */
		AF0EB47B2068EC1C0089FD44 = {
			isa = PBXGroup;
			children = (
				AF0EB4862068EC1C0089FD44 /* X1 */,
				AF0EB49B2068EC1C0089FD44 /* X1Tests */,
				AF0EB4A62068EC1C0089FD44 /* X1UITests */,
				AF0EB4852068EC1C0089FD44 /* Products */,
			);
			sourceTree = "<group>";
		};
		AF0EB4852068EC1C0089FD44 /* Products */ = {
			isa = PBXGroup;
			children = (
				AF0EB4842068EC1C0089FD44 /* X1.app */,
				AF0EB4982068EC1C0089FD44 /* X1Tests.xctest */,
				AF0EB4A32068EC1C0089FD44 /* X1UITests.xctest */,
			);
			name = Products;
			sourceTree = "<group>";
		};
		AF0EB4862068EC1C0089FD44 /* X1 */ = {
			isa = PBXGroup;
			children = (
				AF0EB4872068EC1C0089FD44 /* AppDelegate.swift */,
				AF0EB4892068EC1C0089FD44 /* ViewController.swift */,
				AF0EB48B2068EC1C0089FD44 /* Main.storyboard */,
				AF0EB48E2068EC1C0089FD44 /* Assets.xcassets */,
				AF0EB4902068EC1C0089FD44 /* LaunchScreen.storyboard */,
				AF0EB4932068EC1C0089FD44 /* Info.plist */,
			);
			path = X1;
			sourceTree = "<group>";
		};
		AF0EB49B2068EC1C0089FD44 /* X1Tests */ = {
			isa = PBXGroup;
			children = (
				AF0EB49C2068EC1C0089FD44 /* X1Tests.swift */,
				AF0EB49E2068EC1C0089FD44 /* Info.plist */,
			);
			path = X1Tests;
			sourceTree = "<group>";
		};
		AF0EB4A62068EC1C0089FD44 /* X1UITests */ = {
			isa = PBXGroup;
			children = (
				AF0EB4A72068EC1C0089FD44 /* X1UITests.swift */,
				AF0EB4A92068EC1C0089FD44 /* Info.plist */,
			);
			path = X1UITests;
			sourceTree = "<group>";
		};
/* End PBXGroup section */

/* Begin PBXNativeTarget section */
		AF0EB4832068EC1C0089FD44 /* X1 */ = {
			isa = PBXNativeTarget;
			buildConfigurationList = AF0EB4AC2068EC1C0089FD44 /* Build configuration list for PBXNativeTarget "X1" */;
			buildPhases = (
				AF0EB4802068EC1C0089FD44 /* Sources */,
				AF0EB4812068EC1C0089FD44 /* Frameworks */,
				AF0EB4822068EC1C0089FD44 /* Resources */,
			);
			buildRules = (
			);
			dependencies = (
			);
			name = X1;
			productName = X1;
			productReference = AF0EB4842068EC1C0089FD44 /* X1.app */;
			productType = "com.apple.product-type.application";
		};
		AF0EB4972068EC1C0089FD44 /* X1Tests */ = {
			isa = PBXNativeTarget;
			buildConfigurationList = AF0EB4AF2068EC1C0089FD44 /* Build configuration list for PBXNativeTarget "X1Tests" */;
			buildPhases = (
				AF0EB4942068EC1C0089FD44 /* Sources */,
				AF0EB4952068EC1C0089FD44 /* Frameworks */,
				AF0EB4962068EC1C0089FD44 /* Resources */,
			);
			buildRules = (
			);
			dependencies = (
				AF0EB49A2068EC1C0089FD44 /* PBXTargetDependency */,
			);
			name = X1Tests;
			productName = X1Tests;
			productReference = AF0EB4982068EC1C0089FD44 /* X1Tests.xctest */;
			productType = "com.apple.product-type.bundle.unit-test";
		};
		AF0EB4A22068EC1C0089FD44 /* X1UITests */ = {
			isa = PBXNativeTarget;
			buildConfigurationList = AF0EB4B22068EC1C0089FD44 /* Build configuration list for PBXNativeTarget "X1UITests" */;
			buildPhases = (
				AF0EB49F2068EC1C0089FD44 /* Sources */,
				AF0EB4A02068EC1C0089FD44 /* Frameworks */,
				AF0EB4A12068EC1C0089FD44 /* Resources */,
			);
			buildRules = (
			);
			dependencies = (
				AF0EB4A52068EC1C0089FD44 /* PBXTargetDependency */,
			);
			name = X1UITests;
			productName = X1UITests;
			productReference = AF0EB4A32068EC1C0089FD44 /* X1UITests.xctest */;
			productType = "com.apple.product-type.bundle.ui-testing";
		};
/* End PBXNativeTarget section */

/* Begin PBXProject section */
		AF0EB47C2068EC1C0089FD44 /* Project object */ = {
			isa = PBXProject;
			attributes = {
				LastSwiftUpdateCheck = 0920;
				LastUpgradeCheck = 0920;
				ORGANIZATIONNAME = Astraqube;
				TargetAttributes = {
					AF0EB4832068EC1C0089FD44 = {
						CreatedOnToolsVersion = 9.2;
						ProvisioningStyle = Automatic;
					};
					AF0EB4972068EC1C0089FD44 = {
						CreatedOnToolsVersion = 9.2;
						ProvisioningStyle = Automatic;
						TestTargetID = AF0EB4832068EC1C0089FD44;
					};
					AF0EB4A22068EC1C0089FD44 = {
						CreatedOnToolsVersion = 9.2;
						ProvisioningStyle = Automatic;
						TestTargetID = AF0EB4832068EC1C0089FD44;
					};
				};
			};
			buildConfigurationList = AF0EB47F2068EC1C0089FD44 /* Build configuration list for PBXProject "X1" */;
			compatibilityVersion = "Xcode 8.0";
			developmentRegion = en;
			hasScannedForEncodings = 0;
			knownRegions = (
				en,
				Base,
			);
			mainGroup = AF0EB47B2068EC1C0089FD44;
			productRefGroup = AF0EB4852068EC1C0089FD44 /* Products */;
			projectDirPath = "";
			projectRoot = "";
			targets = (
				AF0EB4832068EC1C0089FD44 /* X1 */,
				AF0EB4972068EC1C0089FD44 /* X1Tests */,
				AF0EB4A22068EC1C0089FD44 /* X1UITests */,
			);
		};
/* End PBXProject section */

/* Begin PBXResourcesBuildPhase section */
		AF0EB4822068EC1C0089FD44 /* Resources */ = {
			isa = PBXResourcesBuildPhase;
			buildActionMask = 2147483647;
			files = (
				AF0EB4922068EC1C0089FD44 /* LaunchScreen.storyboard in Resources */,
				AF0EB48F2068EC1C0089FD44 /* Assets.xcassets in Resources */,
				AF0EB48D2068EC1C0089FD44 /* Main.storyboard in Resources */,
			);
			runOnlyForDeploymentPostprocessing = 0;
		};
		AF0EB4962068EC1C0089FD44 /* Resources */ = {
			isa = PBXResourcesBuildPhase;
			buildActionMask = 2147483647;
			files = (
			);
			runOnlyForDeploymentPostprocessing = 0;
		};
		AF0EB4A12068EC1C0089FD44 /* Resources */ = {
			isa = PBXResourcesBuildPhase;
			buildActionMask = 2147483647;
			files = (
			);
			runOnlyForDeploymentPostprocessing = 0;
		};
/* End PBXResourcesBuildPhase section */

/* Begin PBXSourcesBuildPhase section */
		AF0EB4802068EC1C0089FD44 /* Sources */ = {
			isa = PBXSourcesBuildPhase;
			buildActionMask = 2147483647;
			files = (
				AF0EB48A2068EC1C0089FD44 /* ViewController.swift in Sources */,
				AF0EB4882068EC1C0089FD44 /* AppDelegate.swift in Sources */,
			);
			runOnlyForDeploymentPostprocessing = 0;
		};
		AF0EB4942068EC1C0089FD44 /* Sources */ = {
			isa = PBXSourcesBuildPhase;
			buildActionMask = 2147483647;
			files = (
				AF0EB49D2068EC1C0089FD44 /* X1Tests.swift in Sources */,
			);
			runOnlyForDeploymentPostprocessing = 0;
		};
		AF0EB49F2068EC1C0089FD44 /* Sources */ = {
			isa = PBXSourcesBuildPhase;
			buildActionMask = 2147483647;
			files = (
				AF0EB4A82068EC1C0089FD44 /* X1UITests.swift in Sources */,
			);
			runOnlyForDeploymentPostprocessing = 0;
		};
/* End PBXSourcesBuildPhase section */

/* Begin PBXTargetDependency section */
		AF0EB49A2068EC1C0089FD44 /* PBXTargetDependency */ = {
			isa = PBXTargetDependency;
			target = AF0EB4832068EC1C0089FD44 /* X1 */;
			targetProxy = AF0EB4992068EC1C0089FD44 /* PBXContainerItemProxy */;
		};
		AF0EB4A52068EC1C0089FD44 /* PBXTargetDependency */ = {
			isa = PBXTargetDependency;
			target = AF0EB4832068EC1C0089FD44 /* X1 */;
			targetProxy = AF0EB4A42068EC1C0089FD44 /* PBXContainerItemProxy */;
		};
/* End PBXTargetDependency section */

/* Begin PBXVariantGroup section */
		AF0EB48B2068EC1C0089FD44 /* Main.storyboard */ = {
			isa = PBXVariantGroup;
			children = (
				AF0EB48C2068EC1C0089FD44 /* Base */,
			);
			name = Main.storyboard;
			sourceTree = "<group>";
		};
		AF0EB4902068EC1C0089FD44 /* LaunchScreen.storyboard */ = {
			isa = PBXVariantGroup;
			children = (
				AF0EB4912068EC1C0089FD44 /* Base */,
			);
			name = LaunchScreen.storyboard;
			sourceTree = "<group>";
		};
/* End PBXVariantGroup section */

/* Begin XCBuildConfiguration section */
		AF0EB4AA2068EC1C0089FD44 /* Debug */ = {
			isa = XCBuildConfiguration;
			buildSettings = {
				ALWAYS_SEARCH_USER_PATHS = NO;
				CLANG_ANALYZER_NONNULL = YES;
				CLANG_ANALYZER_NUMBER_OBJECT_CONVERSION = YES_AGGRESSIVE;
				CLANG_CXX_LANGUAGE_STANDARD = "gnu++14";
				CLANG_CXX_LIBRARY = "libc++";
				CLANG_ENABLE_MODULES = YES;
				CLANG_ENABLE_OBJC_ARC = YES;
				CLANG_WARN_BLOCK_CAPTURE_AUTORELEASING = YES;
				CLANG_WARN_BOOL_CONVERSION = YES;
				CLANG_WARN_COMMA = YES;
				CLANG_WARN_CONSTANT_CONVERSION = YES;
				CLANG_WARN_DIRECT_OBJC_ISA_USAGE = YES_ERROR;
				CLANG_WARN_DOCUMENTATION_COMMENTS = YES;
				CLANG_WARN_EMPTY_BODY = YES;
				CLANG_WARN_ENUM_CONVERSION = YES;
				CLANG_WARN_INFINITE_RECURSION = YES;
				CLANG_WARN_INT_CONVERSION = YES;
				CLANG_WARN_NON_LITERAL_NULL_CONVERSION = YES;
				CLANG_WARN_OBJC_LITERAL_CONVERSION = YES;
				CLANG_WARN_OBJC_ROOT_CLASS = YES_ERROR;
				CLANG_WARN_RANGE_LOOP_ANALYSIS = YES;
				CLANG_WARN_STRICT_PROTOTYPES = YES;
				CLANG_WARN_SUSPICIOUS_MOVE = YES;
				CLANG_WARN_UNGUARDED_AVAILABILITY = YES_AGGRESSIVE;
				CLANG_WARN_UNREACHABLE_CODE = YES;
				CLANG_WARN__DUPLICATE_METHOD_MATCH = YES;
				CODE_SIGN_IDENTITY = "iPhone Developer";
				COPY_PHASE_STRIP = NO;
				DEBUG_INFORMATION_FORMAT = dwarf;
				ENABLE_STRICT_OBJC_MSGSEND = YES;
				ENABLE_TESTABILITY = YES;
				GCC_C_LANGUAGE_STANDARD = gnu11;
				GCC_DYNAMIC_NO_PIC = NO;
				GCC_NO_COMMON_BLOCKS = YES;
				GCC_OPTIMIZATION_LEVEL = 0;
				GCC_PREPROCESSOR_DEFINITIONS = (
					"DEBUG=1",
					"$(inherited)",
				);
				GCC_WARN_64_TO_32_BIT_CONVERSION = YES;
				GCC_WARN_ABOUT_RETURN_TYPE = YES_ERROR;
				GCC_WARN_UNDECLARED_SELECTOR = YES;
				GCC_WARN_UNINITIALIZED_AUTOS = YES_AGGRESSIVE;
				GCC_WARN_UNUSED_FUNCTION = YES;
				GCC_WARN_UNUSED_VARIABLE = YES;
				IPHONEOS_DEPLOYMENT_TARGET = 11.2;
				MTL_ENABLE_DEBUG_INFO = YES;
				ONLY_ACTIVE_ARCH = YES;
				SDKROOT = iphoneos;
				SWIFT_ACTIVE_COMPILATION_CONDITIONS = DEBUG;
				SWIFT_OPTIMIZATION_LEVEL = "-Onone";
			};
			name = Debug;
		};
		AF0EB4AB2068EC1C0089FD44 /* Release */ = {
			isa = XCBuildConfiguration;
			buildSettings = {
				ALWAYS_SEARCH_USER_PATHS = NO;
				CLANG_ANALYZER_NONNULL = YES;
				CLANG_ANALYZER_NUMBER_OBJECT_CONVERSION = YES_AGGRESSIVE;
				CLANG_CXX_LANGUAGE_STANDARD = "gnu++14";
				CLANG_CXX_LIBRARY = "libc++";
				CLANG_ENABLE_MODULES = YES;
				CLANG_ENABLE_OBJC_ARC = YES;
				CLANG_WARN_BLOCK_CAPTURE_AUTORELEASING = YES;
				CLANG_WARN_BOOL_CONVERSION = YES;
				CLANG_WARN_COMMA = YES;
				CLANG_WARN_CONSTANT_CONVERSION = YES;
				CLANG_WARN_DIRECT_OBJC_ISA_USAGE = YES_ERROR;
				CLANG_WARN_DOCUMENTATION_COMMENTS = YES;
				CLANG_WARN_EMPTY_BODY = YES;
				CLANG_WARN_ENUM_CONVERSION = YES;
				CLANG_WARN_INFINITE_RECURSION = YES;
				CLANG_WARN_INT_CONVERSION = YES;
				CLANG_WARN_NON_LITERAL_NULL_CONVERSION = YES;
				CLANG_WARN_OBJC_LITERAL_CONVERSION = YES;
				CLANG_WARN_OBJC_ROOT_CLASS = YES_ERROR;
				CLANG_WARN_RANGE_LOOP_ANALYSIS = YES;
				CLANG_WARN_STRICT_PROTOTYPES = YES;
				CLANG_WARN_SUSPICIOUS_MOVE = YES;
				CLANG_WARN_UNGUARDED_AVAILABILITY = YES_AGGRESSIVE;
				CLANG_WARN_UNREACHABLE_CODE = YES;
				CLANG_WARN__DUPLICATE_METHOD_MATCH = YES;
				CODE_SIGN_IDENTITY = "iPhone Developer";
				COPY_PHASE_STRIP = NO;
				DEBUG_INFORMATION_FORMAT = "dwarf-with-dsym";
				ENABLE_NS_ASSERTIONS = NO;
				ENABLE_STRICT_OBJC_MSGSEND = YES;
				GCC_C_LANGUAGE_STANDARD = gnu11;
				GCC_NO_COMMON_BLOCKS = YES;
				GCC_WARN_64_TO_32_BIT_CONVERSION = YES;
				GCC_WARN_ABOUT_RETURN_TYPE = YES_ERROR;
				GCC_WARN_UNDECLARED_SELECTOR = YES;
				GCC_WARN_UNINITIALIZED_AUTOS = YES_AGGRESSIVE;
				GCC_WARN_UNUSED_FUNCTION = YES;
				GCC_WARN_UNUSED_VARIABLE = YES;
				IPHONEOS_DEPLOYMENT_TARGET = 11.2;
				MTL_ENABLE_DEBUG_INFO = NO;
				SDKROOT = iphoneos;
				SWIFT_OPTIMIZATION_LEVEL = "-Owholemodule";
				VALIDATE_PRODUCT = YES;
			};
			name = Release;
		};
		AF0EB4AD2068EC1C0089FD44 /* Debug */ = {
			isa = XCBuildConfiguration;
			buildSettings = {
				ASSETCATALOG_COMPILER_APPICON_NAME = AppIcon;
				CODE_SIGN_STYLE = Automatic;
				DEVELOPMENT_TEAM = H6ZNMT32K7;
				INFOPLIST_FILE = X1/Info.plist;
				LD_RUNPATH_SEARCH_PATHS = "$(inherited) @executable_path/Frameworks";
				PRODUCT_BUNDLE_IDENTIFIER = Astraqube.X1;
				PRODUCT_NAME = "$(TARGET_NAME)";
				SWIFT_VERSION = 4.0;
				TARGETED_DEVICE_FAMILY = "1,2";
			};
			name = Debug;
		};
		AF0EB4AE2068EC1C0089FD44 /* Release */ = {
			isa = XCBuildConfiguration;
			buildSettings = {
				ASSETCATALOG_COMPILER_APPICON_NAME = AppIcon;
				CODE_SIGN_STYLE = Automatic;
				DEVELOPMENT_TEAM = H6ZNMT32K7;
				INFOPLIST_FILE = X1/Info.plist;
				LD_RUNPATH_SEARCH_PATHS = "$(inherited) @executable_path/Frameworks";
				PRODUCT_BUNDLE_IDENTIFIER = Astraqube.X1;
				PRODUCT_NAME = "$(TARGET_NAME)";
				SWIFT_VERSION = 4.0;
				TARGETED_DEVICE_FAMILY = "1,2";
			};
			name = Release;
		};
		AF0EB4B02068EC1C0089FD44 /* Debug */ = {
			isa = XCBuildConfiguration;
			buildSettings = {
				ALWAYS_EMBED_SWIFT_STANDARD_LIBRARIES = YES;
				BUNDLE_LOADER = "$(TEST_HOST)";
				CODE_SIGN_STYLE = Automatic;
				DEVELOPMENT_TEAM = H6ZNMT32K7;
				INFOPLIST_FILE = X1Tests/Info.plist;
				LD_RUNPATH_SEARCH_PATHS = "$(inherited) @executable_path/Frameworks @loader_path/Frameworks";
				PRODUCT_BUNDLE_IDENTIFIER = Astraqube.X1Tests;
				PRODUCT_NAME = "$(TARGET_NAME)";
				SWIFT_VERSION = 4.0;
				TARGETED_DEVICE_FAMILY = "1,2";
				TEST_HOST = "$(BUILT_PRODUCTS_DIR)/X1.app/X1";
			};
			name = Debug;
		};
		AF0EB4B12068EC1C0089FD44 /* Release */ = {
			isa = XCBuildConfiguration;
			buildSettings = {
				ALWAYS_EMBED_SWIFT_STANDARD_LIBRARIES = YES;
				BUNDLE_LOADER = "$(TEST_HOST)";
				CODE_SIGN_STYLE = Automatic;
				DEVELOPMENT_TEAM = H6ZNMT32K7;
				INFOPLIST_FILE = X1Tests/Info.plist;
				LD_RUNPATH_SEARCH_PATHS = "$(inherited) @executable_path/Frameworks @loader_path/Frameworks";
				PRODUCT_BUNDLE_IDENTIFIER = Astraqube.X1Tests;
				PRODUCT_NAME = "$(TARGET_NAME)";
				SWIFT_VERSION = 4.0;
				TARGETED_DEVICE_FAMILY = "1,2";
				TEST_HOST = "$(BUILT_PRODUCTS_DIR)/X1.app/X1";
			};
			name = Release;
		};
		AF0EB4B32068EC1C0089FD44 /* Debug */ = {
			isa = XCBuildConfiguration;
			buildSettings = {
				ALWAYS_EMBED_SWIFT_STANDARD_LIBRARIES = YES;
				CODE_SIGN_STYLE = Automatic;
				DEVELOPMENT_TEAM = H6ZNMT32K7;
				INFOPLIST_FILE = X1UITests/Info.plist;
				LD_RUNPATH_SEARCH_PATHS = "$(inherited) @executable_path/Frameworks @loader_path/Frameworks";
				PRODUCT_BUNDLE_IDENTIFIER = Astraqube.X1UITests;
				PRODUCT_NAME = "$(TARGET_NAME)";
				SWIFT_VERSION = 4.0;
				TARGETED_DEVICE_FAMILY = "1,2";
				TEST_TARGET_NAME = X1;
			};
			name = Debug;
		};
		AF0EB4B42068EC1C0089FD44 /* Release */ = {
			isa = XCBuildConfiguration;
			buildSettings = {
				ALWAYS_EMBED_SWIFT_STANDARD_LIBRARIES = YES;
				CODE_SIGN_STYLE = Automatic;
				DEVELOPMENT_TEAM = H6ZNMT32K7;
				INFOPLIST_FILE = X1UITests/Info.plist;
				LD_RUNPATH_SEARCH_PATHS = "$(inherited) @executable_path/Frameworks @loader_path/Frameworks";
				PRODUCT_BUNDLE_IDENTIFIER = Astraqube.X1UITests;
				PRODUCT_NAME = "$(TARGET_NAME)";
				SWIFT_VERSION = 4.0;
				TARGETED_DEVICE_FAMILY = "1,2";
				TEST_TARGET_NAME = X1;
			};
			name = Release;
		};
/* End XCBuildConfiguration section */

/* Begin XCConfigurationList section */
		AF0EB47F2068EC1C0089FD44 /* Build configuration list for PBXProject "X1" */ = {
			isa = XCConfigurationList;
			buildConfigurations = (
				AF0EB4AA2068EC1C0089FD44 /* Debug */,
				AF0EB4AB2068EC1C0089FD44 /* Release */,
			);
			defaultConfigurationIsVisible = 0;
			defaultConfigurationName = Release;
		};
		AF0EB4AC2068EC1C0089FD44 /* Build configuration list for PBXNativeTarget "X1" */ = {
			isa = XCConfigurationList;
			buildConfigurations = (
				AF0EB4AD2068EC1C0089FD44 /* Debug */,
				AF0EB4AE2068EC1C0089FD44 /* Release */,
			);
			defaultConfigurationIsVisible = 0;
			defaultConfigurationName = Release;
		};
		AF0EB4AF2068EC1C0089FD44 /* Build configuration list for PBXNativeTarget "X1Tests" */ = {
			isa = XCConfigurationList;
			buildConfigurations = (
				AF0EB4B02068EC1C0089FD44 /* Debug */,
				AF0EB4B12068EC1C0089FD44 /* Release */,
			);
			defaultConfigurationIsVisible = 0;
			defaultConfigurationName = Release;
		};
		AF0EB4B22068EC1C0089FD44 /* Build configuration list for PBXNativeTarget "X1UITests" */ = {
			isa = XCConfigurationList;
			buildConfigurations = (
				AF0EB4B32068EC1C0089FD44 /* Debug */,
				AF0EB4B42068EC1C0089FD44 /* Release */,
			);
			defaultConfigurationIsVisible = 0;
			defaultConfigurationName = Release;
		};
/* End XCConfigurationList section */
	};
	rootObject = AF0EB47C2068EC1C0089FD44 /* Project object */;
}
