// !$*UTF8*$!
{
	archiveVersion = 1;
	classes = {
	};
	objectVersion = 50;
	objects = {

/* Begin PBXBuildFile section */
		5C6BD0E2AB5FE38382F6B048 /* Pods_Solviant.framework in Frameworks */ = {isa = PBXBuildFile; fileRef = 59E3DEB0D5F63CA7510538AB /* Pods_Solviant.framework */; };
		650D317A20CA2F7500A6E4AC /* ImageSelectionCollectionViewCell.swift in Sources */ = {isa = PBXBuildFile; fileRef = 650D317920CA2F7500A6E4AC /* ImageSelectionCollectionViewCell.swift */; };
		650D318020CAB4A500A6E4AC /* Response.swift in Sources */ = {isa = PBXBuildFile; fileRef = 650D317F20CAB4A500A6E4AC /* Response.swift */; };
		650D318420CAC12C00A6E4AC /* UnresolvedStatementViewController.swift in Sources */ = {isa = PBXBuildFile; fileRef = 650D318320CAC12C00A6E4AC /* UnresolvedStatementViewController.swift */; };
		650D318620CAC13B00A6E4AC /* RespondCardView.swift in Sources */ = {isa = PBXBuildFile; fileRef = 650D318520CAC13B00A6E4AC /* RespondCardView.swift */; };
		650D318820CAC15300A6E4AC /* RespondCardView.xib in Resources */ = {isa = PBXBuildFile; fileRef = 650D318720CAC15200A6E4AC /* RespondCardView.xib */; };
		651051FB2096F4F900D2C030 /* SelectRoleViewController.swift in Sources */ = {isa = PBXBuildFile; fileRef = 651051FA2096F4F900D2C030 /* SelectRoleViewController.swift */; };
		651051FF209716BB00D2C030 /* LinkedIn.swift in Sources */ = {isa = PBXBuildFile; fileRef = 651051FE209716BB00D2C030 /* LinkedIn.swift */; };
		6512E73F209085D400D2C15D /* SkyFloatingLabelTextField.swift in Sources */ = {isa = PBXBuildFile; fileRef = 6512E73C209085D400D2C15D /* SkyFloatingLabelTextField.swift */; };
		6512E740209085D400D2C15D /* UITextField+fixCaretPosition.swift in Sources */ = {isa = PBXBuildFile; fileRef = 6512E73D209085D400D2C15D /* UITextField+fixCaretPosition.swift */; };
		6512E741209085D400D2C15D /* SkyFloatingLabelTextFieldWithIcon.swift in Sources */ = {isa = PBXBuildFile; fileRef = 6512E73E209085D400D2C15D /* SkyFloatingLabelTextFieldWithIcon.swift */; };
		65157C10209AF11A009C1A1F /* ChooseInterestViewController.swift in Sources */ = {isa = PBXBuildFile; fileRef = 65157C0F209AF11A009C1A1F /* ChooseInterestViewController.swift */; };
		65157C13209B21C8009C1A1F /* Extension+Boolean.swift in Sources */ = {isa = PBXBuildFile; fileRef = 65157C12209B21C8009C1A1F /* Extension+Boolean.swift */; };
		65157C15209B3288009C1A1F /* InterestCategoryCollectionViewCell.swift in Sources */ = {isa = PBXBuildFile; fileRef = 65157C14209B3288009C1A1F /* InterestCategoryCollectionViewCell.swift */; };
		6524EA8D20846B720035F2D2 /* AppDelegate.swift in Sources */ = {isa = PBXBuildFile; fileRef = 6524EA8920846B720035F2D2 /* AppDelegate.swift */; };
		6524EA8F20846B8C0035F2D2 /* Constant.swift in Sources */ = {isa = PBXBuildFile; fileRef = 6524EA8E20846B8C0035F2D2 /* Constant.swift */; };
		6524EA98208473600035F2D2 /* LandingViewController.swift in Sources */ = {isa = PBXBuildFile; fileRef = 6524EA97208473600035F2D2 /* LandingViewController.swift */; };
		6524EAA4208475A40035F2D2 /* Roboto-Medium.ttf in Resources */ = {isa = PBXBuildFile; fileRef = 6524EA9C208475A30035F2D2 /* Roboto-Medium.ttf */; };
		6524EAA5208475A40035F2D2 /* Roboto-Light.ttf in Resources */ = {isa = PBXBuildFile; fileRef = 6524EA9D208475A30035F2D2 /* Roboto-Light.ttf */; };
		6524EAA6208475A40035F2D2 /* Roboto-Regular.ttf in Resources */ = {isa = PBXBuildFile; fileRef = 6524EA9E208475A30035F2D2 /* Roboto-Regular.ttf */; };
		6524EAA7208475A40035F2D2 /* Roboto-MediumItalic.ttf in Resources */ = {isa = PBXBuildFile; fileRef = 6524EA9F208475A30035F2D2 /* Roboto-MediumItalic.ttf */; };
		6524EAA8208475A40035F2D2 /* Roboto-BoldItalic.ttf in Resources */ = {isa = PBXBuildFile; fileRef = 6524EAA0208475A30035F2D2 /* Roboto-BoldItalic.ttf */; };
		6524EAA9208475A40035F2D2 /* Roboto-Italic.ttf in Resources */ = {isa = PBXBuildFile; fileRef = 6524EAA1208475A30035F2D2 /* Roboto-Italic.ttf */; };
		6524EAAA208475A40035F2D2 /* Roboto-Bold.ttf in Resources */ = {isa = PBXBuildFile; fileRef = 6524EAA2208475A30035F2D2 /* Roboto-Bold.ttf */; };
		6524EAAB208475A40035F2D2 /* Roboto-Thin.ttf in Resources */ = {isa = PBXBuildFile; fileRef = 6524EAA3208475A30035F2D2 /* Roboto-Thin.ttf */; };
		6524EAAD208480BD0035F2D2 /* SignInViewController.swift in Sources */ = {isa = PBXBuildFile; fileRef = 6524EAAC208480BD0035F2D2 /* SignInViewController.swift */; };
		653BDFA6208496EC00B3CAC7 /* Extesnion+UIColor.swift in Sources */ = {isa = PBXBuildFile; fileRef = 653BDFA5208496EC00B3CAC7 /* Extesnion+UIColor.swift */; };
		653BDFA82084B92000B3CAC7 /* SignUpViewController.swift in Sources */ = {isa = PBXBuildFile; fileRef = 653BDFA72084B92000B3CAC7 /* SignUpViewController.swift */; };
		655D79C820C68D3600B110B8 /* ViewResponseViewController.swift in Sources */ = {isa = PBXBuildFile; fileRef = 655D79C720C68D3600B110B8 /* ViewResponseViewController.swift */; };
		657318E920AF053900089B16 /* RatingOverviewViewController.swift in Sources */ = {isa = PBXBuildFile; fileRef = 657318E820AF053900089B16 /* RatingOverviewViewController.swift */; };
		657318EB20AF05F200089B16 /* RatingOverviewTableViewCell.swift in Sources */ = {isa = PBXBuildFile; fileRef = 657318EA20AF05F200089B16 /* RatingOverviewTableViewCell.swift */; };
		6579698020C0056B009564E0 /* RespondViewController.swift in Sources */ = {isa = PBXBuildFile; fileRef = 6579697F20C0056B009564E0 /* RespondViewController.swift */; };
		6579698220C00582009564E0 /* AddResponseTableViewCell.swift in Sources */ = {isa = PBXBuildFile; fileRef = 6579698120C00582009564E0 /* AddResponseTableViewCell.swift */; };
		658C23CB20A5A04E001E8A74 /* HomeTabBarViewController.swift in Sources */ = {isa = PBXBuildFile; fileRef = 658C23CA20A5A04E001E8A74 /* HomeTabBarViewController.swift */; };
		659E9F9A20B80FD700FD697A /* PostStatementViewController.swift in Sources */ = {isa = PBXBuildFile; fileRef = 659E9F9820B80FD700FD697A /* PostStatementViewController.swift */; };
		659E9F9C20B80FF000FD697A /* PostUrgencyTableViewCell.swift in Sources */ = {isa = PBXBuildFile; fileRef = 659E9F9B20B80FF000FD697A /* PostUrgencyTableViewCell.swift */; };
		659E9F9F20B866B000FD697A /* OTPBox.swift in Sources */ = {isa = PBXBuildFile; fileRef = 659E9F9E20B866B000FD697A /* OTPBox.swift */; };
		659E9FA120B866C300FD697A /* OTPBox.xib in Resources */ = {isa = PBXBuildFile; fileRef = 659E9FA020B866C300FD697A /* OTPBox.xib */; };
		659E9FA420B8716B00FD697A /* OTPTextField.swift in Sources */ = {isa = PBXBuildFile; fileRef = 659E9FA320B8716B00FD697A /* OTPTextField.swift */; };
		659E9FA720B88D3400FD697A /* Statement.swift in Sources */ = {isa = PBXBuildFile; fileRef = 659E9FA620B88D3400FD697A /* Statement.swift */; };
		65ABA3D520846A0D000A5B42 /* Main.storyboard in Resources */ = {isa = PBXBuildFile; fileRef = 65ABA3D320846A0D000A5B42 /* Main.storyboard */; };
		65ABA3D720846A0E000A5B42 /* Assets.xcassets in Resources */ = {isa = PBXBuildFile; fileRef = 65ABA3D620846A0E000A5B42 /* Assets.xcassets */; };
		65ABA3DA20846A0E000A5B42 /* LaunchScreen.storyboard in Resources */ = {isa = PBXBuildFile; fileRef = 65ABA3D820846A0E000A5B42 /* LaunchScreen.storyboard */; };
		65B55E1920AD99F900231641 /* RateInterestViewController.swift in Sources */ = {isa = PBXBuildFile; fileRef = 65B55E1820AD99F900231641 /* RateInterestViewController.swift */; };
		65B55E1B20ADBF3E00231641 /* SubcategoryContainer.swift in Sources */ = {isa = PBXBuildFile; fileRef = 65B55E1A20ADBF3E00231641 /* SubcategoryContainer.swift */; };
		65B55E1F20ADEAB700231641 /* PaddedLabel.swift in Sources */ = {isa = PBXBuildFile; fileRef = 65B55E1E20ADEAB700231641 /* PaddedLabel.swift */; };
		65C0201A20864E6900971521 /* LocationManager.swift in Sources */ = {isa = PBXBuildFile; fileRef = 65C0201620864E6900971521 /* LocationManager.swift */; };
		65C0201B20864E6900971521 /* AutoLogin.swift in Sources */ = {isa = PBXBuildFile; fileRef = 65C0201820864E6900971521 /* AutoLogin.swift */; };
		65C0201F20864E7200971521 /* linkedin-sdk.framework in Frameworks */ = {isa = PBXBuildFile; fileRef = 65C0201E20864E7200971521 /* linkedin-sdk.framework */; };
		65C0202420864E7900971521 /* DBOperation.swift in Sources */ = {isa = PBXBuildFile; fileRef = 65C0202120864E7900971521 /* DBOperation.swift */; };
		65C0202520864E7900971521 /* FileOperation.swift in Sources */ = {isa = PBXBuildFile; fileRef = 65C0202320864E7900971521 /* FileOperation.swift */; };
		65C0203020864E8200971521 /* Extenstion+UIView.swift in Sources */ = {isa = PBXBuildFile; fileRef = 65C0202720864E8100971521 /* Extenstion+UIView.swift */; };
		65C0203120864E8200971521 /* Extension+UIFont.swift in Sources */ = {isa = PBXBuildFile; fileRef = 65C0202920864E8100971521 /* Extension+UIFont.swift */; };
		65C0203220864E8200971521 /* Extension+UIImageView.swift in Sources */ = {isa = PBXBuildFile; fileRef = 65C0202B20864E8100971521 /* Extension+UIImageView.swift */; };
		65C0203320864E8200971521 /* Extension+UIImage.swift in Sources */ = {isa = PBXBuildFile; fileRef = 65C0202D20864E8100971521 /* Extension+UIImage.swift */; };
		65C0203420864E8200971521 /* Extension+Date.swift in Sources */ = {isa = PBXBuildFile; fileRef = 65C0202F20864E8200971521 /* Extension+Date.swift */; };
		65C0203720864FFD00971521 /* User.swift in Sources */ = {isa = PBXBuildFile; fileRef = 65C0203620864FFD00971521 /* User.swift */; };
		65C0203A208653AB00971521 /* solviant.db in Resources */ = {isa = PBXBuildFile; fileRef = 65C02039208653AB00971521 /* solviant.db */; };
		65C0203C208654E700971521 /* WebRequestManager.swift in Sources */ = {isa = PBXBuildFile; fileRef = 65C0203B208654E700971521 /* WebRequestManager.swift */; };
		65D16ED720B597C700AC5EF6 /* PostStatmentAccessory.swift in Sources */ = {isa = PBXBuildFile; fileRef = 65D16ED620B597C700AC5EF6 /* PostStatmentAccessory.swift */; };
		65D16ED920B597D800AC5EF6 /* PostStatmentAccessory.xib in Resources */ = {isa = PBXBuildFile; fileRef = 65D16ED820B597D800AC5EF6 /* PostStatmentAccessory.xib */; };
		65D3440A209C14680095749C /* Subcategory.swift in Sources */ = {isa = PBXBuildFile; fileRef = 65D34409209C14680095749C /* Subcategory.swift */; };
		65D3440C209C14820095749C /* Subcategory.xib in Resources */ = {isa = PBXBuildFile; fileRef = 65D3440B209C14820095749C /* Subcategory.xib */; };
		65D3440F209C17680095749C /* SubcategoryCollectionViewCell.swift in Sources */ = {isa = PBXBuildFile; fileRef = 65D3440D209C17680095749C /* SubcategoryCollectionViewCell.swift */; };
		65D34410209C17680095749C /* SubcategoryCollectionViewCell.xib in Resources */ = {isa = PBXBuildFile; fileRef = 65D3440E209C17680095749C /* SubcategoryCollectionViewCell.xib */; };
		65D34413209C2F990095749C /* Category.swift in Sources */ = {isa = PBXBuildFile; fileRef = 65D34412209C2F990095749C /* Category.swift */; };
		65D34416209C5AEA0095749C /* LetsBeginViewController.swift in Sources */ = {isa = PBXBuildFile; fileRef = 65D34415209C5AEA0095749C /* LetsBeginViewController.swift */; };
		65DB27E02085178D00938B61 /* Extension+String.swift in Sources */ = {isa = PBXBuildFile; fileRef = 65DB27DF2085178D00938B61 /* Extension+String.swift */; };
		65DB27E32085198D00938B61 /* Localizable.strings in Resources */ = {isa = PBXBuildFile; fileRef = 65DB27E22085198D00938B61 /* Localizable.strings */; };
		65E0DA0A20A607BD005AE0E5 /* HomeViewController.swift in Sources */ = {isa = PBXBuildFile; fileRef = 65E0DA0820A607BD005AE0E5 /* HomeViewController.swift */; };
		65E0DA0C20A607F0005AE0E5 /* QuestionCollectionViewCell.swift in Sources */ = {isa = PBXBuildFile; fileRef = 65E0DA0B20A607F0005AE0E5 /* QuestionCollectionViewCell.swift */; };
		65E389ED20A03361002BA860 /* PickInterest.swift in Sources */ = {isa = PBXBuildFile; fileRef = 65E389EC20A03361002BA860 /* PickInterest.swift */; };
		65E389EF20A03377002BA860 /* PickInterest.xib in Resources */ = {isa = PBXBuildFile; fileRef = 65E389EE20A03377002BA860 /* PickInterest.xib */; };
		65E389F820A03459002BA860 /* InterestTableViewCell.swift in Sources */ = {isa = PBXBuildFile; fileRef = 65E389F520A03459002BA860 /* InterestTableViewCell.swift */; };
		65E389F920A03459002BA860 /* InterestTableViewCell.xib in Resources */ = {isa = PBXBuildFile; fileRef = 65E389F620A03459002BA860 /* InterestTableViewCell.xib */; };
		65E38A0220A0531D002BA860 /* Extension+UICollectionView.swift in Sources */ = {isa = PBXBuildFile; fileRef = 65E38A0120A0531D002BA860 /* Extension+UICollectionView.swift */; };
		65E39E3F20983DFF006087F4 /* ProfileViewController.swift in Sources */ = {isa = PBXBuildFile; fileRef = 65E39E3E20983DFF006087F4 /* ProfileViewController.swift */; };
		65E39E4320983E2E006087F4 /* ProfileTextFieldTableViewCell.swift in Sources */ = {isa = PBXBuildFile; fileRef = 65E39E4220983E2E006087F4 /* ProfileTextFieldTableViewCell.swift */; };
		65E39E4520983E3B006087F4 /* ProfileDoneButtonTableViewCell.swift in Sources */ = {isa = PBXBuildFile; fileRef = 65E39E4420983E3B006087F4 /* ProfileDoneButtonTableViewCell.swift */; };
		65E39E4720983F50006087F4 /* ProfileUserImageTableViewCell.swift in Sources */ = {isa = PBXBuildFile; fileRef = 65E39E4620983F50006087F4 /* ProfileUserImageTableViewCell.swift */; };
		65E39E4B20984ED1006087F4 /* KeyboardAccessory.xib in Resources */ = {isa = PBXBuildFile; fileRef = 65E39E4920984ED1006087F4 /* KeyboardAccessory.xib */; };
		65E39E4C20984ED1006087F4 /* KeyboardAccessory.swift in Sources */ = {isa = PBXBuildFile; fileRef = 65E39E4A20984ED1006087F4 /* KeyboardAccessory.swift */; };
		65E47E9320BBDF9300CAC575 /* OpenStatementViewController.swift in Sources */ = {isa = PBXBuildFile; fileRef = 65E47E9220BBDF9300CAC575 /* OpenStatementViewController.swift */; };
		65E47E9520BBE02200CAC575 /* StatementCardView.swift in Sources */ = {isa = PBXBuildFile; fileRef = 65E47E9420BBE02200CAC575 /* StatementCardView.swift */; };
		65E47E9720BBE03600CAC575 /* StatementCardView.xib in Resources */ = {isa = PBXBuildFile; fileRef = 65E47E9620BBE03600CAC575 /* StatementCardView.xib */; };
		65E47E9A20BC2F0100CAC575 /* CardOverlayView.xib in Resources */ = {isa = PBXBuildFile; fileRef = 65E47E9920BC2F0100CAC575 /* CardOverlayView.xib */; };
		65E47E9C20BC2F1400CAC575 /* CardOverlayView.swift in Sources */ = {isa = PBXBuildFile; fileRef = 65E47E9B20BC2F1400CAC575 /* CardOverlayView.swift */; };
/* End PBXBuildFile section */

/* Begin PBXFileReference section */
		53EE2F80D76B4A835E4EDFBC /* Pods-Solviant.debug.xcconfig */ = {isa = PBXFileReference; includeInIndex = 1; lastKnownFileType = text.xcconfig; name = "Pods-Solviant.debug.xcconfig"; path = "Pods/Target Support Files/Pods-Solviant/Pods-Solviant.debug.xcconfig"; sourceTree = "<group>"; };
		59E3DEB0D5F63CA7510538AB /* Pods_Solviant.framework */ = {isa = PBXFileReference; explicitFileType = wrapper.framework; includeInIndex = 0; path = Pods_Solviant.framework; sourceTree = BUILT_PRODUCTS_DIR; };
		650D317920CA2F7500A6E4AC /* ImageSelectionCollectionViewCell.swift */ = {isa = PBXFileReference; lastKnownFileType = sourcecode.swift; path = ImageSelectionCollectionViewCell.swift; sourceTree = "<group>"; };
		650D317F20CAB4A500A6E4AC /* Response.swift */ = {isa = PBXFileReference; lastKnownFileType = sourcecode.swift; path = Response.swift; sourceTree = "<group>"; };
		650D318320CAC12C00A6E4AC /* UnresolvedStatementViewController.swift */ = {isa = PBXFileReference; fileEncoding = 4; lastKnownFileType = sourcecode.swift; path = UnresolvedStatementViewController.swift; sourceTree = "<group>"; };
		650D318520CAC13B00A6E4AC /* RespondCardView.swift */ = {isa = PBXFileReference; lastKnownFileType = sourcecode.swift; path = RespondCardView.swift; sourceTree = "<group>"; };
		650D318720CAC15200A6E4AC /* RespondCardView.xib */ = {isa = PBXFileReference; lastKnownFileType = file.xib; path = RespondCardView.xib; sourceTree = "<group>"; };
		651051FA2096F4F900D2C030 /* SelectRoleViewController.swift */ = {isa = PBXFileReference; lastKnownFileType = sourcecode.swift; path = SelectRoleViewController.swift; sourceTree = "<group>"; };
		651051FE209716BB00D2C030 /* LinkedIn.swift */ = {isa = PBXFileReference; fileEncoding = 4; lastKnownFileType = sourcecode.swift; path = LinkedIn.swift; sourceTree = "<group>"; };
		651052002097174600D2C030 /* X1-Bridging-Header.h */ = {isa = PBXFileReference; lastKnownFileType = sourcecode.c.h; path = "X1-Bridging-Header.h"; sourceTree = "<group>"; };
		6512E73C209085D400D2C15D /* SkyFloatingLabelTextField.swift */ = {isa = PBXFileReference; fileEncoding = 4; lastKnownFileType = sourcecode.swift; path = SkyFloatingLabelTextField.swift; sourceTree = "<group>"; };
		6512E73D209085D400D2C15D /* UITextField+fixCaretPosition.swift */ = {isa = PBXFileReference; fileEncoding = 4; lastKnownFileType = sourcecode.swift; path = "UITextField+fixCaretPosition.swift"; sourceTree = "<group>"; };
		6512E73E209085D400D2C15D /* SkyFloatingLabelTextFieldWithIcon.swift */ = {isa = PBXFileReference; fileEncoding = 4; lastKnownFileType = sourcecode.swift; path = SkyFloatingLabelTextFieldWithIcon.swift; sourceTree = "<group>"; };
		65157C0F209AF11A009C1A1F /* ChooseInterestViewController.swift */ = {isa = PBXFileReference; lastKnownFileType = sourcecode.swift; path = ChooseInterestViewController.swift; sourceTree = "<group>"; };
		65157C12209B21C8009C1A1F /* Extension+Boolean.swift */ = {isa = PBXFileReference; lastKnownFileType = sourcecode.swift; path = "Extension+Boolean.swift"; sourceTree = "<group>"; };
		65157C14209B3288009C1A1F /* InterestCategoryCollectionViewCell.swift */ = {isa = PBXFileReference; lastKnownFileType = sourcecode.swift; path = InterestCategoryCollectionViewCell.swift; sourceTree = "<group>"; };
		6524EA8920846B720035F2D2 /* AppDelegate.swift */ = {isa = PBXFileReference; fileEncoding = 4; lastKnownFileType = sourcecode.swift; path = AppDelegate.swift; sourceTree = "<group>"; };
		6524EA8E20846B8C0035F2D2 /* Constant.swift */ = {isa = PBXFileReference; lastKnownFileType = sourcecode.swift; path = Constant.swift; sourceTree = "<group>"; };
		6524EA97208473600035F2D2 /* LandingViewController.swift */ = {isa = PBXFileReference; lastKnownFileType = sourcecode.swift; path = LandingViewController.swift; sourceTree = "<group>"; };
		6524EA9C208475A30035F2D2 /* Roboto-Medium.ttf */ = {isa = PBXFileReference; lastKnownFileType = file; path = "Roboto-Medium.ttf"; sourceTree = "<group>"; };
		6524EA9D208475A30035F2D2 /* Roboto-Light.ttf */ = {isa = PBXFileReference; lastKnownFileType = file; path = "Roboto-Light.ttf"; sourceTree = "<group>"; };
		6524EA9E208475A30035F2D2 /* Roboto-Regular.ttf */ = {isa = PBXFileReference; lastKnownFileType = file; path = "Roboto-Regular.ttf"; sourceTree = "<group>"; };
		6524EA9F208475A30035F2D2 /* Roboto-MediumItalic.ttf */ = {isa = PBXFileReference; lastKnownFileType = file; path = "Roboto-MediumItalic.ttf"; sourceTree = "<group>"; };
		6524EAA0208475A30035F2D2 /* Roboto-BoldItalic.ttf */ = {isa = PBXFileReference; lastKnownFileType = file; path = "Roboto-BoldItalic.ttf"; sourceTree = "<group>"; };
		6524EAA1208475A30035F2D2 /* Roboto-Italic.ttf */ = {isa = PBXFileReference; lastKnownFileType = file; path = "Roboto-Italic.ttf"; sourceTree = "<group>"; };
		6524EAA2208475A30035F2D2 /* Roboto-Bold.ttf */ = {isa = PBXFileReference; lastKnownFileType = file; path = "Roboto-Bold.ttf"; sourceTree = "<group>"; };
		6524EAA3208475A30035F2D2 /* Roboto-Thin.ttf */ = {isa = PBXFileReference; lastKnownFileType = file; path = "Roboto-Thin.ttf"; sourceTree = "<group>"; };
		6524EAAC208480BD0035F2D2 /* SignInViewController.swift */ = {isa = PBXFileReference; lastKnownFileType = sourcecode.swift; path = SignInViewController.swift; sourceTree = "<group>"; };
		653BDFA5208496EC00B3CAC7 /* Extesnion+UIColor.swift */ = {isa = PBXFileReference; lastKnownFileType = sourcecode.swift; path = "Extesnion+UIColor.swift"; sourceTree = "<group>"; };
		653BDFA72084B92000B3CAC7 /* SignUpViewController.swift */ = {isa = PBXFileReference; lastKnownFileType = sourcecode.swift; path = SignUpViewController.swift; sourceTree = "<group>"; };
		655D79C720C68D3600B110B8 /* ViewResponseViewController.swift */ = {isa = PBXFileReference; lastKnownFileType = sourcecode.swift; path = ViewResponseViewController.swift; sourceTree = "<group>"; };
		657318E820AF053900089B16 /* RatingOverviewViewController.swift */ = {isa = PBXFileReference; lastKnownFileType = sourcecode.swift; path = RatingOverviewViewController.swift; sourceTree = "<group>"; };
		657318EA20AF05F200089B16 /* RatingOverviewTableViewCell.swift */ = {isa = PBXFileReference; lastKnownFileType = sourcecode.swift; path = RatingOverviewTableViewCell.swift; sourceTree = "<group>"; };
		6579697F20C0056B009564E0 /* RespondViewController.swift */ = {isa = PBXFileReference; lastKnownFileType = sourcecode.swift; path = RespondViewController.swift; sourceTree = "<group>"; };
		6579698120C00582009564E0 /* AddResponseTableViewCell.swift */ = {isa = PBXFileReference; lastKnownFileType = sourcecode.swift; path = AddResponseTableViewCell.swift; sourceTree = "<group>"; };
		658C23CA20A5A04E001E8A74 /* HomeTabBarViewController.swift */ = {isa = PBXFileReference; lastKnownFileType = sourcecode.swift; path = HomeTabBarViewController.swift; sourceTree = "<group>"; };
		659E9F9820B80FD700FD697A /* PostStatementViewController.swift */ = {isa = PBXFileReference; fileEncoding = 4; lastKnownFileType = sourcecode.swift; path = PostStatementViewController.swift; sourceTree = "<group>"; };
		659E9F9B20B80FF000FD697A /* PostUrgencyTableViewCell.swift */ = {isa = PBXFileReference; lastKnownFileType = sourcecode.swift; path = PostUrgencyTableViewCell.swift; sourceTree = "<group>"; };
		659E9F9E20B866B000FD697A /* OTPBox.swift */ = {isa = PBXFileReference; lastKnownFileType = sourcecode.swift; path = OTPBox.swift; sourceTree = "<group>"; };
		659E9FA020B866C300FD697A /* OTPBox.xib */ = {isa = PBXFileReference; lastKnownFileType = file.xib; path = OTPBox.xib; sourceTree = "<group>"; };
		659E9FA320B8716B00FD697A /* OTPTextField.swift */ = {isa = PBXFileReference; lastKnownFileType = sourcecode.swift; path = OTPTextField.swift; sourceTree = "<group>"; };
		659E9FA620B88D3400FD697A /* Statement.swift */ = {isa = PBXFileReference; lastKnownFileType = sourcecode.swift; path = Statement.swift; sourceTree = "<group>"; };
		65ABA3CC20846A0D000A5B42 /* Solviant.app */ = {isa = PBXFileReference; explicitFileType = wrapper.application; includeInIndex = 0; path = Solviant.app; sourceTree = BUILT_PRODUCTS_DIR; };
		65ABA3D420846A0D000A5B42 /* Base */ = {isa = PBXFileReference; lastKnownFileType = file.storyboard; name = Base; path = Base.lproj/Main.storyboard; sourceTree = "<group>"; };
		65ABA3D620846A0E000A5B42 /* Assets.xcassets */ = {isa = PBXFileReference; lastKnownFileType = folder.assetcatalog; path = Assets.xcassets; sourceTree = "<group>"; };
		65ABA3D920846A0E000A5B42 /* Base */ = {isa = PBXFileReference; lastKnownFileType = file.storyboard; name = Base; path = Base.lproj/LaunchScreen.storyboard; sourceTree = "<group>"; };
		65ABA3DB20846A0E000A5B42 /* Info.plist */ = {isa = PBXFileReference; lastKnownFileType = text.plist.xml; path = Info.plist; sourceTree = "<group>"; };
		65B55E1820AD99F900231641 /* RateInterestViewController.swift */ = {isa = PBXFileReference; lastKnownFileType = sourcecode.swift; path = RateInterestViewController.swift; sourceTree = "<group>"; };
		65B55E1A20ADBF3E00231641 /* SubcategoryContainer.swift */ = {isa = PBXFileReference; lastKnownFileType = sourcecode.swift; path = SubcategoryContainer.swift; sourceTree = "<group>"; };
		65B55E1E20ADEAB700231641 /* PaddedLabel.swift */ = {isa = PBXFileReference; lastKnownFileType = sourcecode.swift; path = PaddedLabel.swift; sourceTree = "<group>"; };
		65C0201620864E6900971521 /* LocationManager.swift */ = {isa = PBXFileReference; fileEncoding = 4; lastKnownFileType = sourcecode.swift; path = LocationManager.swift; sourceTree = "<group>"; };
		65C0201820864E6900971521 /* AutoLogin.swift */ = {isa = PBXFileReference; fileEncoding = 4; lastKnownFileType = sourcecode.swift; path = AutoLogin.swift; sourceTree = "<group>"; };
		65C0201E20864E7200971521 /* linkedin-sdk.framework */ = {isa = PBXFileReference; lastKnownFileType = wrapper.framework; path = "linkedin-sdk.framework"; sourceTree = "<group>"; };
		65C0202120864E7900971521 /* DBOperation.swift */ = {isa = PBXFileReference; fileEncoding = 4; lastKnownFileType = sourcecode.swift; path = DBOperation.swift; sourceTree = "<group>"; };
		65C0202320864E7900971521 /* FileOperation.swift */ = {isa = PBXFileReference; fileEncoding = 4; lastKnownFileType = sourcecode.swift; path = FileOperation.swift; sourceTree = "<group>"; };
		65C0202720864E8100971521 /* Extenstion+UIView.swift */ = {isa = PBXFileReference; fileEncoding = 4; lastKnownFileType = sourcecode.swift; path = "Extenstion+UIView.swift"; sourceTree = "<group>"; };
		65C0202920864E8100971521 /* Extension+UIFont.swift */ = {isa = PBXFileReference; fileEncoding = 4; lastKnownFileType = sourcecode.swift; path = "Extension+UIFont.swift"; sourceTree = "<group>"; };
		65C0202B20864E8100971521 /* Extension+UIImageView.swift */ = {isa = PBXFileReference; fileEncoding = 4; lastKnownFileType = sourcecode.swift; path = "Extension+UIImageView.swift"; sourceTree = "<group>"; };
		65C0202D20864E8100971521 /* Extension+UIImage.swift */ = {isa = PBXFileReference; fileEncoding = 4; lastKnownFileType = sourcecode.swift; path = "Extension+UIImage.swift"; sourceTree = "<group>"; };
		65C0202F20864E8200971521 /* Extension+Date.swift */ = {isa = PBXFileReference; fileEncoding = 4; lastKnownFileType = sourcecode.swift; path = "Extension+Date.swift"; sourceTree = "<group>"; };
		65C0203620864FFD00971521 /* User.swift */ = {isa = PBXFileReference; fileEncoding = 4; lastKnownFileType = sourcecode.swift; path = User.swift; sourceTree = "<group>"; };
		65C02039208653AB00971521 /* solviant.db */ = {isa = PBXFileReference; lastKnownFileType = file; path = solviant.db; sourceTree = "<group>"; };
		65C0203B208654E700971521 /* WebRequestManager.swift */ = {isa = PBXFileReference; fileEncoding = 4; lastKnownFileType = sourcecode.swift; path = WebRequestManager.swift; sourceTree = "<group>"; };
		65D16ED620B597C700AC5EF6 /* PostStatmentAccessory.swift */ = {isa = PBXFileReference; lastKnownFileType = sourcecode.swift; path = PostStatmentAccessory.swift; sourceTree = "<group>"; };
		65D16ED820B597D800AC5EF6 /* PostStatmentAccessory.xib */ = {isa = PBXFileReference; lastKnownFileType = file.xib; path = PostStatmentAccessory.xib; sourceTree = "<group>"; };
		65D34409209C14680095749C /* Subcategory.swift */ = {isa = PBXFileReference; lastKnownFileType = sourcecode.swift; path = Subcategory.swift; sourceTree = "<group>"; };
		65D3440B209C14820095749C /* Subcategory.xib */ = {isa = PBXFileReference; lastKnownFileType = file.xib; path = Subcategory.xib; sourceTree = "<group>"; };
		65D3440D209C17680095749C /* SubcategoryCollectionViewCell.swift */ = {isa = PBXFileReference; lastKnownFileType = sourcecode.swift; path = SubcategoryCollectionViewCell.swift; sourceTree = "<group>"; };
		65D3440E209C17680095749C /* SubcategoryCollectionViewCell.xib */ = {isa = PBXFileReference; lastKnownFileType = file.xib; path = SubcategoryCollectionViewCell.xib; sourceTree = "<group>"; };
		65D34412209C2F990095749C /* Category.swift */ = {isa = PBXFileReference; lastKnownFileType = sourcecode.swift; path = Category.swift; sourceTree = "<group>"; };
		65D34415209C5AEA0095749C /* LetsBeginViewController.swift */ = {isa = PBXFileReference; lastKnownFileType = sourcecode.swift; path = LetsBeginViewController.swift; sourceTree = "<group>"; };
		65DB27DF2085178D00938B61 /* Extension+String.swift */ = {isa = PBXFileReference; fileEncoding = 4; lastKnownFileType = sourcecode.swift; path = "Extension+String.swift"; sourceTree = "<group>"; };
		65DB27E22085198D00938B61 /* Localizable.strings */ = {isa = PBXFileReference; lastKnownFileType = text.plist.strings; path = Localizable.strings; sourceTree = "<group>"; };
		65E0DA0820A607BD005AE0E5 /* HomeViewController.swift */ = {isa = PBXFileReference; fileEncoding = 4; lastKnownFileType = sourcecode.swift; path = HomeViewController.swift; sourceTree = "<group>"; };
		65E0DA0B20A607F0005AE0E5 /* QuestionCollectionViewCell.swift */ = {isa = PBXFileReference; lastKnownFileType = sourcecode.swift; path = QuestionCollectionViewCell.swift; sourceTree = "<group>"; };
		65E389EC20A03361002BA860 /* PickInterest.swift */ = {isa = PBXFileReference; lastKnownFileType = sourcecode.swift; path = PickInterest.swift; sourceTree = "<group>"; };
		65E389EE20A03377002BA860 /* PickInterest.xib */ = {isa = PBXFileReference; lastKnownFileType = file.xib; path = PickInterest.xib; sourceTree = "<group>"; };
		65E389F520A03459002BA860 /* InterestTableViewCell.swift */ = {isa = PBXFileReference; fileEncoding = 4; lastKnownFileType = sourcecode.swift; path = InterestTableViewCell.swift; sourceTree = "<group>"; };
		65E389F620A03459002BA860 /* InterestTableViewCell.xib */ = {isa = PBXFileReference; fileEncoding = 4; lastKnownFileType = file.xib; path = InterestTableViewCell.xib; sourceTree = "<group>"; };
		65E38A0120A0531D002BA860 /* Extension+UICollectionView.swift */ = {isa = PBXFileReference; lastKnownFileType = sourcecode.swift; path = "Extension+UICollectionView.swift"; sourceTree = "<group>"; };
		65E39E3E20983DFF006087F4 /* ProfileViewController.swift */ = {isa = PBXFileReference; fileEncoding = 4; lastKnownFileType = sourcecode.swift; path = ProfileViewController.swift; sourceTree = "<group>"; };
		65E39E4220983E2E006087F4 /* ProfileTextFieldTableViewCell.swift */ = {isa = PBXFileReference; lastKnownFileType = sourcecode.swift; path = ProfileTextFieldTableViewCell.swift; sourceTree = "<group>"; };
		65E39E4420983E3B006087F4 /* ProfileDoneButtonTableViewCell.swift */ = {isa = PBXFileReference; lastKnownFileType = sourcecode.swift; path = ProfileDoneButtonTableViewCell.swift; sourceTree = "<group>"; };
		65E39E4620983F50006087F4 /* ProfileUserImageTableViewCell.swift */ = {isa = PBXFileReference; lastKnownFileType = sourcecode.swift; path = ProfileUserImageTableViewCell.swift; sourceTree = "<group>"; };
		65E39E4920984ED1006087F4 /* KeyboardAccessory.xib */ = {isa = PBXFileReference; fileEncoding = 4; lastKnownFileType = file.xib; path = KeyboardAccessory.xib; sourceTree = "<group>"; };
		65E39E4A20984ED1006087F4 /* KeyboardAccessory.swift */ = {isa = PBXFileReference; fileEncoding = 4; lastKnownFileType = sourcecode.swift; path = KeyboardAccessory.swift; sourceTree = "<group>"; };
		65E47E9220BBDF9300CAC575 /* OpenStatementViewController.swift */ = {isa = PBXFileReference; fileEncoding = 4; lastKnownFileType = sourcecode.swift; path = OpenStatementViewController.swift; sourceTree = "<group>"; };
		65E47E9420BBE02200CAC575 /* StatementCardView.swift */ = {isa = PBXFileReference; lastKnownFileType = sourcecode.swift; path = StatementCardView.swift; sourceTree = "<group>"; };
		65E47E9620BBE03600CAC575 /* StatementCardView.xib */ = {isa = PBXFileReference; lastKnownFileType = file.xib; path = StatementCardView.xib; sourceTree = "<group>"; };
		65E47E9920BC2F0100CAC575 /* CardOverlayView.xib */ = {isa = PBXFileReference; lastKnownFileType = file.xib; path = CardOverlayView.xib; sourceTree = "<group>"; };
		65E47E9B20BC2F1400CAC575 /* CardOverlayView.swift */ = {isa = PBXFileReference; lastKnownFileType = sourcecode.swift; path = CardOverlayView.swift; sourceTree = "<group>"; };
		79A512F509C2E59DD2EAC423 /* Pods-Solviant.release.xcconfig */ = {isa = PBXFileReference; includeInIndex = 1; lastKnownFileType = text.xcconfig; name = "Pods-Solviant.release.xcconfig"; path = "Pods/Target Support Files/Pods-Solviant/Pods-Solviant.release.xcconfig"; sourceTree = "<group>"; };
/* End PBXFileReference section */

/* Begin PBXFrameworksBuildPhase section */
		65ABA3C920846A0D000A5B42 /* Frameworks */ = {
			isa = PBXFrameworksBuildPhase;
			buildActionMask = 2147483647;
			files = (
				65C0201F20864E7200971521 /* linkedin-sdk.framework in Frameworks */,
				5C6BD0E2AB5FE38382F6B048 /* Pods_Solviant.framework in Frameworks */,
			);
			runOnlyForDeploymentPostprocessing = 0;
		};
/* End PBXFrameworksBuildPhase section */

/* Begin PBXGroup section */
		650D317820CA2F5100A6E4AC /* CollectionViewCell */ = {
			isa = PBXGroup;
			children = (
				650D317920CA2F7500A6E4AC /* ImageSelectionCollectionViewCell.swift */,
			);
			path = CollectionViewCell;
			sourceTree = "<group>";
		};
		650D317B20CA880F00A6E4AC /* UnresolvedStatement */ = {
			isa = PBXGroup;
			children = (
				650D318220CAC12C00A6E4AC /* Controller */,
				650D318120CAC12C00A6E4AC /* ResponseCardView */,
			);
			path = UnresolvedStatement;
			sourceTree = "<group>";
		};
		650D317E20CAB49200A6E4AC /* Response */ = {
			isa = PBXGroup;
			children = (
				650D317F20CAB4A500A6E4AC /* Response.swift */,
			);
			path = Response;
			sourceTree = "<group>";
		};
		650D318120CAC12C00A6E4AC /* ResponseCardView */ = {
			isa = PBXGroup;
			children = (
				650D318520CAC13B00A6E4AC /* RespondCardView.swift */,
				650D318720CAC15200A6E4AC /* RespondCardView.xib */,
			);
			path = ResponseCardView;
			sourceTree = "<group>";
		};
		650D318220CAC12C00A6E4AC /* Controller */ = {
			isa = PBXGroup;
			children = (
				650D318320CAC12C00A6E4AC /* UnresolvedStatementViewController.swift */,
			);
			path = Controller;
			sourceTree = "<group>";
		};
		651051F92096F4EA00D2C030 /* SelectRole */ = {
			isa = PBXGroup;
			children = (
				651051FA2096F4F900D2C030 /* SelectRoleViewController.swift */,
			);
			path = SelectRole;
			sourceTree = "<group>";
		};
		651051FC209716BB00D2C030 /* Social */ = {
			isa = PBXGroup;
			children = (
				651051FD209716BB00D2C030 /* LinkedIn */,
			);
			path = Social;
			sourceTree = "<group>";
		};
		651051FD209716BB00D2C030 /* LinkedIn */ = {
			isa = PBXGroup;
			children = (
				651051FE209716BB00D2C030 /* LinkedIn.swift */,
			);
			path = LinkedIn;
			sourceTree = "<group>";
		};
		6512E73A209085D400D2C15D /* SkyfloatingTextField */ = {
			isa = PBXGroup;
			children = (
				6512E73B209085D400D2C15D /* Sources */,
			);
			path = SkyfloatingTextField;
			sourceTree = "<group>";
		};
		6512E73B209085D400D2C15D /* Sources */ = {
			isa = PBXGroup;
			children = (
				6512E73C209085D400D2C15D /* SkyFloatingLabelTextField.swift */,
				6512E73D209085D400D2C15D /* UITextField+fixCaretPosition.swift */,
				6512E73E209085D400D2C15D /* SkyFloatingLabelTextFieldWithIcon.swift */,
			);
			path = Sources;
			sourceTree = "<group>";
		};
		65157C0C209AF0C9009C1A1F /* ChooseInterest */ = {
			isa = PBXGroup;
			children = (
				65157C0E209AF105009C1A1F /* Controller */,
				65E389E920A03342002BA860 /* Interest */,
				65D34406209C14570095749C /* Subcategory */,
				65157C0D209AF105009C1A1F /* Cell */,
			);
			path = ChooseInterest;
			sourceTree = "<group>";
		};
		65157C0D209AF105009C1A1F /* Cell */ = {
			isa = PBXGroup;
			children = (
				65157C14209B3288009C1A1F /* InterestCategoryCollectionViewCell.swift */,
			);
			path = Cell;
			sourceTree = "<group>";
		};
		65157C0E209AF105009C1A1F /* Controller */ = {
			isa = PBXGroup;
			children = (
				65157C0F209AF11A009C1A1F /* ChooseInterestViewController.swift */,
			);
			path = Controller;
			sourceTree = "<group>";
		};
		65157C11209B21AD009C1A1F /* Boolean */ = {
			isa = PBXGroup;
			children = (
				65157C12209B21C8009C1A1F /* Extension+Boolean.swift */,
			);
			path = Boolean;
			sourceTree = "<group>";
		};
		6524EA8220846B720035F2D2 /* Source */ = {
			isa = PBXGroup;
			children = (
				6524EA8820846B720035F2D2 /* AppDelegate */,
				6524EA8320846B720035F2D2 /* Controller */,
				6524EA8420846B720035F2D2 /* Manager */,
				6524EA8520846B720035F2D2 /* Constant */,
				6524EA8620846B720035F2D2 /* Model */,
				6524EA8720846B720035F2D2 /* View */,
				6524EA8A20846B720035F2D2 /* Extenstion */,
				6524EA8B20846B720035F2D2 /* Store */,
				65C0201C20864E7200971521 /* Library */,
				6524EA8C20846B720035F2D2 /* Utility */,
				65B55E1C20ADEAA900231641 /* Subclass */,
			);
			path = Source;
			sourceTree = "<group>";
		};
		6524EA8320846B720035F2D2 /* Controller */ = {
			isa = PBXGroup;
			children = (
				650D317B20CA880F00A6E4AC /* UnresolvedStatement */,
				655D79C620C68D2300B110B8 /* ViewResponse */,
				6579697C20C00531009564E0 /* Respond */,
				65E47E8D20BBB9B400CAC575 /* OpenStatement */,
				657318EC20AF2A2500089B16 /* PostStatement */,
				657318E520AF052500089B16 /* RatingOverview */,
				65B55E1720AD99AC00231641 /* RateInterest */,
				658C23C920A59F52001E8A74 /* TabBar */,
				65D34414209C5ADD0095749C /* LetsBegin */,
				65157C0C209AF0C9009C1A1F /* ChooseInterest */,
				653458BA2097746D00B335E9 /* Profile */,
				651051F92096F4EA00D2C030 /* SelectRole */,
				6524EA94208473430035F2D2 /* Home */,
				6524EA95208473430035F2D2 /* Landing */,
				6524EA96208473430035F2D2 /* SignIn */,
				6524EA93208473430035F2D2 /* SignUp */,
			);
			path = Controller;
			sourceTree = "<group>";
		};
		6524EA8420846B720035F2D2 /* Manager */ = {
			isa = PBXGroup;
			children = (
				651051FC209716BB00D2C030 /* Social */,
				65C0201720864E6900971521 /* AutoLogin */,
				65C0201520864E6900971521 /* Location */,
				65C0201320864E6800971521 /* Webconnection */,
			);
			path = Manager;
			sourceTree = "<group>";
		};
		6524EA8520846B720035F2D2 /* Constant */ = {
			isa = PBXGroup;
			children = (
				6524EA8E20846B8C0035F2D2 /* Constant.swift */,
			);
			path = Constant;
			sourceTree = "<group>";
		};
		6524EA8620846B720035F2D2 /* Model */ = {
			isa = PBXGroup;
			children = (
				650D317E20CAB49200A6E4AC /* Response */,
				659E9FA520B88D2300FD697A /* Statement */,
				65D34411209C2F890095749C /* Category */,
				65C0203520864FFD00971521 /* User */,
			);
			path = Model;
			sourceTree = "<group>";
		};
		6524EA8720846B720035F2D2 /* View */ = {
			isa = PBXGroup;
			children = (
				659E9F9D20B866A100FD697A /* OTPBox */,
				65D16ED520B597A800AC5EF6 /* PostStatementAccessory */,
				65E39E4820984ED1006087F4 /* KeyboardAccessory */,
				6524EA99208475590035F2D2 /* Storyboard */,
			);
			path = View;
			sourceTree = "<group>";
		};
		6524EA8820846B720035F2D2 /* AppDelegate */ = {
			isa = PBXGroup;
			children = (
				6524EA8920846B720035F2D2 /* AppDelegate.swift */,
			);
			path = AppDelegate;
			sourceTree = "<group>";
		};
		6524EA8A20846B720035F2D2 /* Extenstion */ = {
			isa = PBXGroup;
			children = (
				65E38A0020A05300002BA860 /* CollectionView */,
				65157C11209B21AD009C1A1F /* Boolean */,
				65C0202E20864E8200971521 /* Date */,
				65C0202820864E8100971521 /* Font */,
				65C0202C20864E8100971521 /* Image */,
				65C0202A20864E8100971521 /* ImageView */,
				65C0202620864E8100971521 /* View */,
				65DB27DE2085178D00938B61 /* String */,
				653BDFA4208496D600B3CAC7 /* Color */,
			);
			path = Extenstion;
			sourceTree = "<group>";
		};
		6524EA8B20846B720035F2D2 /* Store */ = {
			isa = PBXGroup;
			children = (
				65C0202020864E7900971521 /* DBOperation */,
				65C0202220864E7900971521 /* FileOperation */,
			);
			path = Store;
			sourceTree = "<group>";
		};
		6524EA8C20846B720035F2D2 /* Utility */ = {
			isa = PBXGroup;
			children = (
			);
			path = Utility;
			sourceTree = "<group>";
		};
		6524EA93208473430035F2D2 /* SignUp */ = {
			isa = PBXGroup;
			children = (
				653BDFA72084B92000B3CAC7 /* SignUpViewController.swift */,
			);
			path = SignUp;
			sourceTree = "<group>";
		};
		6524EA94208473430035F2D2 /* Home */ = {
			isa = PBXGroup;
			children = (
				65E0DA0920A607BD005AE0E5 /* CollectionViewCell */,
				65E0DA0720A607BD005AE0E5 /* Controller */,
			);
			path = Home;
			sourceTree = "<group>";
		};
		6524EA95208473430035F2D2 /* Landing */ = {
			isa = PBXGroup;
			children = (
				6524EA97208473600035F2D2 /* LandingViewController.swift */,
			);
			path = Landing;
			sourceTree = "<group>";
		};
		6524EA96208473430035F2D2 /* SignIn */ = {
			isa = PBXGroup;
			children = (
				6524EAAC208480BD0035F2D2 /* SignInViewController.swift */,
			);
			path = SignIn;
			sourceTree = "<group>";
		};
		6524EA99208475590035F2D2 /* Storyboard */ = {
			isa = PBXGroup;
			children = (
				65ABA3D320846A0D000A5B42 /* Main.storyboard */,
				65ABA3D820846A0E000A5B42 /* LaunchScreen.storyboard */,
			);
			path = Storyboard;
			sourceTree = "<group>";
		};
		6524EA9A208475A30035F2D2 /* Resource */ = {
			isa = PBXGroup;
			children = (
				65C02038208653AB00971521 /* Database */,
				65DB27E12085195F00938B61 /* Localizable */,
				6524EA9B208475A30035F2D2 /* Roboto-Font */,
			);
			path = Resource;
			sourceTree = "<group>";
		};
		6524EA9B208475A30035F2D2 /* Roboto-Font */ = {
			isa = PBXGroup;
			children = (
				6524EA9C208475A30035F2D2 /* Roboto-Medium.ttf */,
				6524EA9D208475A30035F2D2 /* Roboto-Light.ttf */,
				6524EA9E208475A30035F2D2 /* Roboto-Regular.ttf */,
				6524EA9F208475A30035F2D2 /* Roboto-MediumItalic.ttf */,
				6524EAA0208475A30035F2D2 /* Roboto-BoldItalic.ttf */,
				6524EAA1208475A30035F2D2 /* Roboto-Italic.ttf */,
				6524EAA2208475A30035F2D2 /* Roboto-Bold.ttf */,
				6524EAA3208475A30035F2D2 /* Roboto-Thin.ttf */,
			);
			path = "Roboto-Font";
			sourceTree = "<group>";
		};
		653458BA2097746D00B335E9 /* Profile */ = {
			isa = PBXGroup;
			children = (
				65E39E3D20983DFF006087F4 /* Controller */,
				65E39E3C20983DFF006087F4 /* TableCell */,
			);
			path = Profile;
			sourceTree = "<group>";
		};
		653BDFA4208496D600B3CAC7 /* Color */ = {
			isa = PBXGroup;
			children = (
				653BDFA5208496EC00B3CAC7 /* Extesnion+UIColor.swift */,
			);
			path = Color;
			sourceTree = "<group>";
		};
		655D79C620C68D2300B110B8 /* ViewResponse */ = {
			isa = PBXGroup;
			children = (
				655D79C720C68D3600B110B8 /* ViewResponseViewController.swift */,
			);
			path = ViewResponse;
			sourceTree = "<group>";
		};
		657318E520AF052500089B16 /* RatingOverview */ = {
			isa = PBXGroup;
			children = (
				657318E720AF052500089B16 /* Controller */,
				657318E620AF052500089B16 /* TableCell */,
			);
			path = RatingOverview;
			sourceTree = "<group>";
		};
		657318E620AF052500089B16 /* TableCell */ = {
			isa = PBXGroup;
			children = (
				657318EA20AF05F200089B16 /* RatingOverviewTableViewCell.swift */,
			);
			path = TableCell;
			sourceTree = "<group>";
		};
		657318E720AF052500089B16 /* Controller */ = {
			isa = PBXGroup;
			children = (
				657318E820AF053900089B16 /* RatingOverviewViewController.swift */,
			);
			path = Controller;
			sourceTree = "<group>";
		};
		657318EC20AF2A2500089B16 /* PostStatement */ = {
			isa = PBXGroup;
			children = (
				650D317820CA2F5100A6E4AC /* CollectionViewCell */,
				659E9F9720B80FD700FD697A /* Controller */,
				659E9F9920B80FD700FD697A /* TableCell */,
			);
			path = PostStatement;
			sourceTree = "<group>";
		};
		6579697C20C00531009564E0 /* Respond */ = {
			isa = PBXGroup;
			children = (
				6579697E20C00531009564E0 /* Controller */,
				6579697D20C00531009564E0 /* TableCell */,
			);
			path = Respond;
			sourceTree = "<group>";
		};
		6579697D20C00531009564E0 /* TableCell */ = {
			isa = PBXGroup;
			children = (
				6579698120C00582009564E0 /* AddResponseTableViewCell.swift */,
			);
			path = TableCell;
			sourceTree = "<group>";
		};
		6579697E20C00531009564E0 /* Controller */ = {
			isa = PBXGroup;
			children = (
				6579697F20C0056B009564E0 /* RespondViewController.swift */,
			);
			path = Controller;
			sourceTree = "<group>";
		};
		658C23C920A59F52001E8A74 /* TabBar */ = {
			isa = PBXGroup;
			children = (
				658C23CA20A5A04E001E8A74 /* HomeTabBarViewController.swift */,
			);
			path = TabBar;
			sourceTree = "<group>";
		};
		659E9F9720B80FD700FD697A /* Controller */ = {
			isa = PBXGroup;
			children = (
				659E9F9820B80FD700FD697A /* PostStatementViewController.swift */,
			);
			path = Controller;
			sourceTree = "<group>";
		};
		659E9F9920B80FD700FD697A /* TableCell */ = {
			isa = PBXGroup;
			children = (
				659E9F9B20B80FF000FD697A /* PostUrgencyTableViewCell.swift */,
			);
			path = TableCell;
			sourceTree = "<group>";
		};
		659E9F9D20B866A100FD697A /* OTPBox */ = {
			isa = PBXGroup;
			children = (
				659E9F9E20B866B000FD697A /* OTPBox.swift */,
				659E9FA020B866C300FD697A /* OTPBox.xib */,
			);
			path = OTPBox;
			sourceTree = "<group>";
		};
		659E9FA220B8715900FD697A /* UITextField */ = {
			isa = PBXGroup;
			children = (
				659E9FA320B8716B00FD697A /* OTPTextField.swift */,
			);
			path = UITextField;
			sourceTree = "<group>";
		};
		659E9FA520B88D2300FD697A /* Statement */ = {
			isa = PBXGroup;
			children = (
				659E9FA620B88D3400FD697A /* Statement.swift */,
			);
			path = Statement;
			sourceTree = "<group>";
		};
		65ABA3C320846A0D000A5B42 = {
			isa = PBXGroup;
			children = (
				65ABA3CE20846A0D000A5B42 /* X1 */,
				65ABA3CD20846A0D000A5B42 /* Products */,
				ECA9BC6E0436AB89314F6C53 /* Pods */,
				66CFE79A0269D16BBED1EDFB /* Frameworks */,
			);
			sourceTree = "<group>";
		};
		65ABA3CD20846A0D000A5B42 /* Products */ = {
			isa = PBXGroup;
			children = (
				65ABA3CC20846A0D000A5B42 /* Solviant.app */,
			);
			name = Products;
			sourceTree = "<group>";
		};
		65ABA3CE20846A0D000A5B42 /* X1 */ = {
			isa = PBXGroup;
			children = (
				6524EA8220846B720035F2D2 /* Source */,
				6524EA9A208475A30035F2D2 /* Resource */,
				65ABA3D620846A0E000A5B42 /* Assets.xcassets */,
				651052002097174600D2C030 /* X1-Bridging-Header.h */,
				65ABA3DB20846A0E000A5B42 /* Info.plist */,
			);
			path = X1;
			sourceTree = "<group>";
		};
		65B55E1720AD99AC00231641 /* RateInterest */ = {
			isa = PBXGroup;
			children = (
				65B55E1820AD99F900231641 /* RateInterestViewController.swift */,
			);
			path = RateInterest;
			sourceTree = "<group>";
		};
		65B55E1C20ADEAA900231641 /* Subclass */ = {
			isa = PBXGroup;
			children = (
				659E9FA220B8715900FD697A /* UITextField */,
				65B55E1D20ADEAA900231641 /* Label */,
			);
			path = Subclass;
			sourceTree = "<group>";
		};
		65B55E1D20ADEAA900231641 /* Label */ = {
			isa = PBXGroup;
			children = (
				65B55E1E20ADEAB700231641 /* PaddedLabel.swift */,
			);
			path = Label;
			sourceTree = "<group>";
		};
		65C0201320864E6800971521 /* Webconnection */ = {
			isa = PBXGroup;
			children = (
				65C0203B208654E700971521 /* WebRequestManager.swift */,
			);
			path = Webconnection;
			sourceTree = "<group>";
		};
		65C0201520864E6900971521 /* Location */ = {
			isa = PBXGroup;
			children = (
				65C0201620864E6900971521 /* LocationManager.swift */,
			);
			path = Location;
			sourceTree = "<group>";
		};
		65C0201720864E6900971521 /* AutoLogin */ = {
			isa = PBXGroup;
			children = (
				65C0201820864E6900971521 /* AutoLogin.swift */,
			);
			path = AutoLogin;
			sourceTree = "<group>";
		};
		65C0201C20864E7200971521 /* Library */ = {
			isa = PBXGroup;
			children = (
				6512E73A209085D400D2C15D /* SkyfloatingTextField */,
				65C0201D20864E7200971521 /* LinkedIn */,
			);
			path = Library;
			sourceTree = "<group>";
		};
		65C0201D20864E7200971521 /* LinkedIn */ = {
			isa = PBXGroup;
			children = (
				65C0201E20864E7200971521 /* linkedin-sdk.framework */,
			);
			path = LinkedIn;
			sourceTree = "<group>";
		};
		65C0202020864E7900971521 /* DBOperation */ = {
			isa = PBXGroup;
			children = (
				65C0202120864E7900971521 /* DBOperation.swift */,
			);
			path = DBOperation;
			sourceTree = "<group>";
		};
		65C0202220864E7900971521 /* FileOperation */ = {
			isa = PBXGroup;
			children = (
				65C0202320864E7900971521 /* FileOperation.swift */,
			);
			path = FileOperation;
			sourceTree = "<group>";
		};
		65C0202620864E8100971521 /* View */ = {
			isa = PBXGroup;
			children = (
				65C0202720864E8100971521 /* Extenstion+UIView.swift */,
			);
			path = View;
			sourceTree = "<group>";
		};
		65C0202820864E8100971521 /* Font */ = {
			isa = PBXGroup;
			children = (
				65C0202920864E8100971521 /* Extension+UIFont.swift */,
			);
			path = Font;
			sourceTree = "<group>";
		};
		65C0202A20864E8100971521 /* ImageView */ = {
			isa = PBXGroup;
			children = (
				65C0202B20864E8100971521 /* Extension+UIImageView.swift */,
			);
			path = ImageView;
			sourceTree = "<group>";
		};
		65C0202C20864E8100971521 /* Image */ = {
			isa = PBXGroup;
			children = (
				65C0202D20864E8100971521 /* Extension+UIImage.swift */,
			);
			path = Image;
			sourceTree = "<group>";
		};
		65C0202E20864E8200971521 /* Date */ = {
			isa = PBXGroup;
			children = (
				65C0202F20864E8200971521 /* Extension+Date.swift */,
			);
			path = Date;
			sourceTree = "<group>";
		};
		65C0203520864FFD00971521 /* User */ = {
			isa = PBXGroup;
			children = (
				65C0203620864FFD00971521 /* User.swift */,
			);
			path = User;
			sourceTree = "<group>";
		};
		65C02038208653AB00971521 /* Database */ = {
			isa = PBXGroup;
			children = (
				65C02039208653AB00971521 /* solviant.db */,
			);
			path = Database;
			sourceTree = "<group>";
		};
		65D16ED520B597A800AC5EF6 /* PostStatementAccessory */ = {
			isa = PBXGroup;
			children = (
				65D16ED620B597C700AC5EF6 /* PostStatmentAccessory.swift */,
				65D16ED820B597D800AC5EF6 /* PostStatmentAccessory.xib */,
			);
			path = PostStatementAccessory;
			sourceTree = "<group>";
		};
		65D34406209C14570095749C /* Subcategory */ = {
			isa = PBXGroup;
			children = (
				65D34407209C14570095749C /* Cell */,
				65D34408209C14570095749C /* View */,
			);
			path = Subcategory;
			sourceTree = "<group>";
		};
		65D34407209C14570095749C /* Cell */ = {
			isa = PBXGroup;
			children = (
				65D3440D209C17680095749C /* SubcategoryCollectionViewCell.swift */,
				65D3440E209C17680095749C /* SubcategoryCollectionViewCell.xib */,
			);
			path = Cell;
			sourceTree = "<group>";
		};
		65D34408209C14570095749C /* View */ = {
			isa = PBXGroup;
			children = (
				65D34409209C14680095749C /* Subcategory.swift */,
				65D3440B209C14820095749C /* Subcategory.xib */,
				65B55E1A20ADBF3E00231641 /* SubcategoryContainer.swift */,
			);
			path = View;
			sourceTree = "<group>";
		};
		65D34411209C2F890095749C /* Category */ = {
			isa = PBXGroup;
			children = (
				65D34412209C2F990095749C /* Category.swift */,
			);
			path = Category;
			sourceTree = "<group>";
		};
		65D34414209C5ADD0095749C /* LetsBegin */ = {
			isa = PBXGroup;
			children = (
				65D34415209C5AEA0095749C /* LetsBeginViewController.swift */,
			);
			path = LetsBegin;
			sourceTree = "<group>";
		};
		65DB27DE2085178D00938B61 /* String */ = {
			isa = PBXGroup;
			children = (
				65DB27DF2085178D00938B61 /* Extension+String.swift */,
			);
			path = String;
			sourceTree = "<group>";
		};
		65DB27E12085195F00938B61 /* Localizable */ = {
			isa = PBXGroup;
			children = (
				65DB27E22085198D00938B61 /* Localizable.strings */,
			);
			path = Localizable;
			sourceTree = "<group>";
		};
		65E0DA0720A607BD005AE0E5 /* Controller */ = {
			isa = PBXGroup;
			children = (
				65E0DA0820A607BD005AE0E5 /* HomeViewController.swift */,
			);
			path = Controller;
			sourceTree = "<group>";
		};
		65E0DA0920A607BD005AE0E5 /* CollectionViewCell */ = {
			isa = PBXGroup;
			children = (
				65E0DA0B20A607F0005AE0E5 /* QuestionCollectionViewCell.swift */,
			);
			path = CollectionViewCell;
			sourceTree = "<group>";
		};
		65E389E920A03342002BA860 /* Interest */ = {
			isa = PBXGroup;
			children = (
				65E389EA20A03342002BA860 /* Cell */,
				65E389EB20A03342002BA860 /* View */,
			);
			path = Interest;
			sourceTree = "<group>";
		};
		65E389EA20A03342002BA860 /* Cell */ = {
			isa = PBXGroup;
			children = (
				65E389F420A03459002BA860 /* TableViewCell */,
			);
			path = Cell;
			sourceTree = "<group>";
		};
		65E389EB20A03342002BA860 /* View */ = {
			isa = PBXGroup;
			children = (
				65E389EC20A03361002BA860 /* PickInterest.swift */,
				65E389EE20A03377002BA860 /* PickInterest.xib */,
			);
			path = View;
			sourceTree = "<group>";
		};
		65E389F420A03459002BA860 /* TableViewCell */ = {
			isa = PBXGroup;
			children = (
				65E389F520A03459002BA860 /* InterestTableViewCell.swift */,
				65E389F620A03459002BA860 /* InterestTableViewCell.xib */,
			);
			path = TableViewCell;
			sourceTree = "<group>";
		};
		65E38A0020A05300002BA860 /* CollectionView */ = {
			isa = PBXGroup;
			children = (
				65E38A0120A0531D002BA860 /* Extension+UICollectionView.swift */,
			);
			path = CollectionView;
			sourceTree = "<group>";
		};
		65E39E3C20983DFF006087F4 /* TableCell */ = {
			isa = PBXGroup;
			children = (
				65E39E4220983E2E006087F4 /* ProfileTextFieldTableViewCell.swift */,
				65E39E4420983E3B006087F4 /* ProfileDoneButtonTableViewCell.swift */,
				65E39E4620983F50006087F4 /* ProfileUserImageTableViewCell.swift */,
			);
			path = TableCell;
			sourceTree = "<group>";
		};
		65E39E3D20983DFF006087F4 /* Controller */ = {
			isa = PBXGroup;
			children = (
				65E39E3E20983DFF006087F4 /* ProfileViewController.swift */,
			);
			path = Controller;
			sourceTree = "<group>";
		};
		65E39E4820984ED1006087F4 /* KeyboardAccessory */ = {
			isa = PBXGroup;
			children = (
				65E39E4920984ED1006087F4 /* KeyboardAccessory.xib */,
				65E39E4A20984ED1006087F4 /* KeyboardAccessory.swift */,
			);
			path = KeyboardAccessory;
			sourceTree = "<group>";
		};
		65E47E8D20BBB9B400CAC575 /* OpenStatement */ = {
			isa = PBXGroup;
			children = (
				65E47E9120BBDF9300CAC575 /* Controller */,
				65E47E9820BC2EF700CAC575 /* OverlayView */,
				65E47E9020BBDF9300CAC575 /* CardView */,
			);
			path = OpenStatement;
			sourceTree = "<group>";
		};
		65E47E9020BBDF9300CAC575 /* CardView */ = {
			isa = PBXGroup;
			children = (
				65E47E9420BBE02200CAC575 /* StatementCardView.swift */,
				65E47E9620BBE03600CAC575 /* StatementCardView.xib */,
			);
			path = CardView;
			sourceTree = "<group>";
		};
		65E47E9120BBDF9300CAC575 /* Controller */ = {
			isa = PBXGroup;
			children = (
				65E47E9220BBDF9300CAC575 /* OpenStatementViewController.swift */,
			);
			path = Controller;
			sourceTree = "<group>";
		};
		65E47E9820BC2EF700CAC575 /* OverlayView */ = {
			isa = PBXGroup;
			children = (
				65E47E9920BC2F0100CAC575 /* CardOverlayView.xib */,
				65E47E9B20BC2F1400CAC575 /* CardOverlayView.swift */,
			);
			path = OverlayView;
			sourceTree = "<group>";
		};
		66CFE79A0269D16BBED1EDFB /* Frameworks */ = {
			isa = PBXGroup;
			children = (
				59E3DEB0D5F63CA7510538AB /* Pods_Solviant.framework */,
			);
			name = Frameworks;
			sourceTree = "<group>";
		};
		ECA9BC6E0436AB89314F6C53 /* Pods */ = {
			isa = PBXGroup;
			children = (
				53EE2F80D76B4A835E4EDFBC /* Pods-Solviant.debug.xcconfig */,
				79A512F509C2E59DD2EAC423 /* Pods-Solviant.release.xcconfig */,
			);
			name = Pods;
			sourceTree = "<group>";
		};
/* End PBXGroup section */

/* Begin PBXNativeTarget section */
		65ABA3CB20846A0D000A5B42 /* Solviant */ = {
			isa = PBXNativeTarget;
			buildConfigurationList = 65ABA3DE20846A0E000A5B42 /* Build configuration list for PBXNativeTarget "Solviant" */;
			buildPhases = (
				57D38CC331A769B7E65BC879 /* [CP] Check Pods Manifest.lock */,
				65ABA3C820846A0D000A5B42 /* Sources */,
				65ABA3C920846A0D000A5B42 /* Frameworks */,
				65ABA3CA20846A0D000A5B42 /* Resources */,
				C511A80CEAA87FB232E85CB5 /* [CP] Embed Pods Frameworks */,
			);
			buildRules = (
			);
			dependencies = (
			);
			name = Solviant;
			productName = X1;
			productReference = 65ABA3CC20846A0D000A5B42 /* Solviant.app */;
			productType = "com.apple.product-type.application";
		};
/* End PBXNativeTarget section */

/* Begin PBXProject section */
		65ABA3C420846A0D000A5B42 /* Project object */ = {
			isa = PBXProject;
			attributes = {
				LastSwiftUpdateCheck = 0930;
				LastUpgradeCheck = 0930;
				ORGANIZATIONNAME = AstraQube;
				TargetAttributes = {
					65ABA3CB20846A0D000A5B42 = {
						CreatedOnToolsVersion = 9.3;
						LastSwiftMigration = 0930;
					};
				};
			};
			buildConfigurationList = 65ABA3C720846A0D000A5B42 /* Build configuration list for PBXProject "Solviant" */;
			compatibilityVersion = "Xcode 9.3";
			developmentRegion = en;
			hasScannedForEncodings = 0;
			knownRegions = (
				en,
				Base,
			);
			mainGroup = 65ABA3C320846A0D000A5B42;
			productRefGroup = 65ABA3CD20846A0D000A5B42 /* Products */;
			projectDirPath = "";
			projectRoot = "";
			targets = (
				65ABA3CB20846A0D000A5B42 /* Solviant */,
			);
		};
/* End PBXProject section */

/* Begin PBXResourcesBuildPhase section */
		65ABA3CA20846A0D000A5B42 /* Resources */ = {
			isa = PBXResourcesBuildPhase;
			buildActionMask = 2147483647;
			files = (
				65D3440C209C14820095749C /* Subcategory.xib in Resources */,
				65C0203A208653AB00971521 /* solviant.db in Resources */,
				6524EAA6208475A40035F2D2 /* Roboto-Regular.ttf in Resources */,
				659E9FA120B866C300FD697A /* OTPBox.xib in Resources */,
				65D34410209C17680095749C /* SubcategoryCollectionViewCell.xib in Resources */,
				65DB27E32085198D00938B61 /* Localizable.strings in Resources */,
				6524EAA9208475A40035F2D2 /* Roboto-Italic.ttf in Resources */,
				65E47E9A20BC2F0100CAC575 /* CardOverlayView.xib in Resources */,
				65D16ED920B597D800AC5EF6 /* PostStatmentAccessory.xib in Resources */,
				6524EAAA208475A40035F2D2 /* Roboto-Bold.ttf in Resources */,
				65E389F920A03459002BA860 /* InterestTableViewCell.xib in Resources */,
				6524EAA4208475A40035F2D2 /* Roboto-Medium.ttf in Resources */,
				6524EAAB208475A40035F2D2 /* Roboto-Thin.ttf in Resources */,
				6524EAA8208475A40035F2D2 /* Roboto-BoldItalic.ttf in Resources */,
				65ABA3DA20846A0E000A5B42 /* LaunchScreen.storyboard in Resources */,
				650D318820CAC15300A6E4AC /* RespondCardView.xib in Resources */,
				6524EAA5208475A40035F2D2 /* Roboto-Light.ttf in Resources */,
				6524EAA7208475A40035F2D2 /* Roboto-MediumItalic.ttf in Resources */,
				65E389EF20A03377002BA860 /* PickInterest.xib in Resources */,
				65ABA3D720846A0E000A5B42 /* Assets.xcassets in Resources */,
				65E47E9720BBE03600CAC575 /* StatementCardView.xib in Resources */,
				65ABA3D520846A0D000A5B42 /* Main.storyboard in Resources */,
				65E39E4B20984ED1006087F4 /* KeyboardAccessory.xib in Resources */,
			);
			runOnlyForDeploymentPostprocessing = 0;
		};
/* End PBXResourcesBuildPhase section */

/* Begin PBXShellScriptBuildPhase section */
		57D38CC331A769B7E65BC879 /* [CP] Check Pods Manifest.lock */ = {
			isa = PBXShellScriptBuildPhase;
			buildActionMask = 2147483647;
			files = (
			);
			inputPaths = (
				"${PODS_PODFILE_DIR_PATH}/Podfile.lock",
				"${PODS_ROOT}/Manifest.lock",
			);
			name = "[CP] Check Pods Manifest.lock";
			outputPaths = (
				"$(DERIVED_FILE_DIR)/Pods-Solviant-checkManifestLockResult.txt",
			);
			runOnlyForDeploymentPostprocessing = 0;
			shellPath = /bin/sh;
			shellScript = "diff \"${PODS_PODFILE_DIR_PATH}/Podfile.lock\" \"${PODS_ROOT}/Manifest.lock\" > /dev/null\nif [ $? != 0 ] ; then\n    # print error to STDERR\n    echo \"error: The sandbox is not in sync with the Podfile.lock. Run 'pod install' or update your CocoaPods installation.\" >&2\n    exit 1\nfi\n# This output is used by Xcode 'outputs' to avoid re-running this script phase.\necho \"SUCCESS\" > \"${SCRIPT_OUTPUT_FILE_0}\"\n";
			showEnvVarsInLog = 0;
		};
		C511A80CEAA87FB232E85CB5 /* [CP] Embed Pods Frameworks */ = {
			isa = PBXShellScriptBuildPhase;
			buildActionMask = 2147483647;
			files = (
			);
			inputPaths = (
				"${SRCROOT}/Pods/Target Support Files/Pods-Solviant/Pods-Solviant-frameworks.sh",
				"${BUILT_PRODUCTS_DIR}/ALCameraViewController/ALCameraViewController.framework",
				"${BUILT_PRODUCTS_DIR}/Alamofire/Alamofire.framework",
				"${BUILT_PRODUCTS_DIR}/CountryPickerSwift/CountryPicker.framework",
				"${BUILT_PRODUCTS_DIR}/FMDB/FMDB.framework",
				"${BUILT_PRODUCTS_DIR}/GrowingTextView/GrowingTextView.framework",
				"${BUILT_PRODUCTS_DIR}/Koloda/Koloda.framework",
				"${BUILT_PRODUCTS_DIR}/M13Checkbox/M13Checkbox.framework",
				"${BUILT_PRODUCTS_DIR}/Popover/Popover.framework",
				"${BUILT_PRODUCTS_DIR}/SDWebImage/SDWebImage.framework",
				"${BUILT_PRODUCTS_DIR}/SwiftDate/SwiftDate.framework",
				"${BUILT_PRODUCTS_DIR}/TTGTagCollectionView/TTGTagCollectionView.framework",
				"${BUILT_PRODUCTS_DIR}/UPCarouselFlowLayout/UPCarouselFlowLayout.framework",
				"${BUILT_PRODUCTS_DIR}/Whisper/Whisper.framework",
				"${BUILT_PRODUCTS_DIR}/pop/pop.framework",
			);
			name = "[CP] Embed Pods Frameworks";
			outputPaths = (
				"${TARGET_BUILD_DIR}/${FRAMEWORKS_FOLDER_PATH}/ALCameraViewController.framework",
				"${TARGET_BUILD_DIR}/${FRAMEWORKS_FOLDER_PATH}/Alamofire.framework",
				"${TARGET_BUILD_DIR}/${FRAMEWORKS_FOLDER_PATH}/CountryPicker.framework",
				"${TARGET_BUILD_DIR}/${FRAMEWORKS_FOLDER_PATH}/FMDB.framework",
				"${TARGET_BUILD_DIR}/${FRAMEWORKS_FOLDER_PATH}/GrowingTextView.framework",
				"${TARGET_BUILD_DIR}/${FRAMEWORKS_FOLDER_PATH}/Koloda.framework",
				"${TARGET_BUILD_DIR}/${FRAMEWORKS_FOLDER_PATH}/M13Checkbox.framework",
				"${TARGET_BUILD_DIR}/${FRAMEWORKS_FOLDER_PATH}/Popover.framework",
				"${TARGET_BUILD_DIR}/${FRAMEWORKS_FOLDER_PATH}/SDWebImage.framework",
				"${TARGET_BUILD_DIR}/${FRAMEWORKS_FOLDER_PATH}/SwiftDate.framework",
				"${TARGET_BUILD_DIR}/${FRAMEWORKS_FOLDER_PATH}/TTGTagCollectionView.framework",
				"${TARGET_BUILD_DIR}/${FRAMEWORKS_FOLDER_PATH}/UPCarouselFlowLayout.framework",
				"${TARGET_BUILD_DIR}/${FRAMEWORKS_FOLDER_PATH}/Whisper.framework",
				"${TARGET_BUILD_DIR}/${FRAMEWORKS_FOLDER_PATH}/pop.framework",
			);
			runOnlyForDeploymentPostprocessing = 0;
			shellPath = /bin/sh;
			shellScript = "\"${SRCROOT}/Pods/Target Support Files/Pods-Solviant/Pods-Solviant-frameworks.sh\"\n";
			showEnvVarsInLog = 0;
		};
/* End PBXShellScriptBuildPhase section */

/* Begin PBXSourcesBuildPhase section */
		65ABA3C820846A0D000A5B42 /* Sources */ = {
			isa = PBXSourcesBuildPhase;
			buildActionMask = 2147483647;
			files = (
				650D318620CAC13B00A6E4AC /* RespondCardView.swift in Sources */,
				65DB27E02085178D00938B61 /* Extension+String.swift in Sources */,
				65D3440F209C17680095749C /* SubcategoryCollectionViewCell.swift in Sources */,
				6524EA8D20846B720035F2D2 /* AppDelegate.swift in Sources */,
				65C0201A20864E6900971521 /* LocationManager.swift in Sources */,
				65C0203420864E8200971521 /* Extension+Date.swift in Sources */,
				653BDFA82084B92000B3CAC7 /* SignUpViewController.swift in Sources */,
				659E9F9C20B80FF000FD697A /* PostUrgencyTableViewCell.swift in Sources */,
				657318E920AF053900089B16 /* RatingOverviewViewController.swift in Sources */,
				6579698020C0056B009564E0 /* RespondViewController.swift in Sources */,
				65E47E9C20BC2F1400CAC575 /* CardOverlayView.swift in Sources */,
				65D34413209C2F990095749C /* Category.swift in Sources */,
				65D16ED720B597C700AC5EF6 /* PostStatmentAccessory.swift in Sources */,
				65C0202520864E7900971521 /* FileOperation.swift in Sources */,
				659E9F9F20B866B000FD697A /* OTPBox.swift in Sources */,
				65E39E3F20983DFF006087F4 /* ProfileViewController.swift in Sources */,
				650D317A20CA2F7500A6E4AC /* ImageSelectionCollectionViewCell.swift in Sources */,
				65E389F820A03459002BA860 /* InterestTableViewCell.swift in Sources */,
				65C0201B20864E6900971521 /* AutoLogin.swift in Sources */,
				65D3440A209C14680095749C /* Subcategory.swift in Sources */,
				651051FF209716BB00D2C030 /* LinkedIn.swift in Sources */,
				65B55E1B20ADBF3E00231641 /* SubcategoryContainer.swift in Sources */,
				65E47E9520BBE02200CAC575 /* StatementCardView.swift in Sources */,
				65157C13209B21C8009C1A1F /* Extension+Boolean.swift in Sources */,
				6524EA8F20846B8C0035F2D2 /* Constant.swift in Sources */,
				657318EB20AF05F200089B16 /* RatingOverviewTableViewCell.swift in Sources */,
				65C0203020864E8200971521 /* Extenstion+UIView.swift in Sources */,
				6524EA98208473600035F2D2 /* LandingViewController.swift in Sources */,
				6512E740209085D400D2C15D /* UITextField+fixCaretPosition.swift in Sources */,
				65E389ED20A03361002BA860 /* PickInterest.swift in Sources */,
				65E39E4520983E3B006087F4 /* ProfileDoneButtonTableViewCell.swift in Sources */,
				65E39E4320983E2E006087F4 /* ProfileTextFieldTableViewCell.swift in Sources */,
				650D318420CAC12C00A6E4AC /* UnresolvedStatementViewController.swift in Sources */,
				65157C10209AF11A009C1A1F /* ChooseInterestViewController.swift in Sources */,
				65B55E1920AD99F900231641 /* RateInterestViewController.swift in Sources */,
				650D318020CAB4A500A6E4AC /* Response.swift in Sources */,
				65D34416209C5AEA0095749C /* LetsBeginViewController.swift in Sources */,
				65E38A0220A0531D002BA860 /* Extension+UICollectionView.swift in Sources */,
				65C0202420864E7900971521 /* DBOperation.swift in Sources */,
				651051FB2096F4F900D2C030 /* SelectRoleViewController.swift in Sources */,
				65C0203220864E8200971521 /* Extension+UIImageView.swift in Sources */,
				65C0203120864E8200971521 /* Extension+UIFont.swift in Sources */,
				65E0DA0C20A607F0005AE0E5 /* QuestionCollectionViewCell.swift in Sources */,
				659E9F9A20B80FD700FD697A /* PostStatementViewController.swift in Sources */,
				655D79C820C68D3600B110B8 /* ViewResponseViewController.swift in Sources */,
				658C23CB20A5A04E001E8A74 /* HomeTabBarViewController.swift in Sources */,
				65157C15209B3288009C1A1F /* InterestCategoryCollectionViewCell.swift in Sources */,
				6524EAAD208480BD0035F2D2 /* SignInViewController.swift in Sources */,
				65C0203720864FFD00971521 /* User.swift in Sources */,
				6512E741209085D400D2C15D /* SkyFloatingLabelTextFieldWithIcon.swift in Sources */,
				65C0203320864E8200971521 /* Extension+UIImage.swift in Sources */,
				659E9FA720B88D3400FD697A /* Statement.swift in Sources */,
				65E39E4C20984ED1006087F4 /* KeyboardAccessory.swift in Sources */,
				65E0DA0A20A607BD005AE0E5 /* HomeViewController.swift in Sources */,
				6512E73F209085D400D2C15D /* SkyFloatingLabelTextField.swift in Sources */,
				65E39E4720983F50006087F4 /* ProfileUserImageTableViewCell.swift in Sources */,
				65C0203C208654E700971521 /* WebRequestManager.swift in Sources */,
				65E47E9320BBDF9300CAC575 /* OpenStatementViewController.swift in Sources */,
				65B55E1F20ADEAB700231641 /* PaddedLabel.swift in Sources */,
				653BDFA6208496EC00B3CAC7 /* Extesnion+UIColor.swift in Sources */,
				6579698220C00582009564E0 /* AddResponseTableViewCell.swift in Sources */,
				659E9FA420B8716B00FD697A /* OTPTextField.swift in Sources */,
			);
			runOnlyForDeploymentPostprocessing = 0;
		};
/* End PBXSourcesBuildPhase section */

/* Begin PBXVariantGroup section */
		65ABA3D320846A0D000A5B42 /* Main.storyboard */ = {
			isa = PBXVariantGroup;
			children = (
				65ABA3D420846A0D000A5B42 /* Base */,
			);
			name = Main.storyboard;
			sourceTree = "<group>";
		};
		65ABA3D820846A0E000A5B42 /* LaunchScreen.storyboard */ = {
			isa = PBXVariantGroup;
			children = (
				65ABA3D920846A0E000A5B42 /* Base */,
			);
			name = LaunchScreen.storyboard;
			sourceTree = "<group>";
		};
/* End PBXVariantGroup section */

/* Begin XCBuildConfiguration section */
		65ABA3DC20846A0E000A5B42 /* Debug */ = {
			isa = XCBuildConfiguration;
			buildSettings = {
				ALWAYS_SEARCH_USER_PATHS = NO;
				CLANG_ANALYZER_NONNULL = YES;
				CLANG_ANALYZER_NUMBER_OBJECT_CONVERSION = YES_AGGRESSIVE;
				CLANG_CXX_LANGUAGE_STANDARD = "gnu++14";
				CLANG_CXX_LIBRARY = "libc++";
				CLANG_ENABLE_MODULES = YES;
				CLANG_ENABLE_OBJC_ARC = YES;
				CLANG_ENABLE_OBJC_WEAK = YES;
				CLANG_WARN_BLOCK_CAPTURE_AUTORELEASING = YES;
				CLANG_WARN_BOOL_CONVERSION = YES;
				CLANG_WARN_COMMA = YES;
				CLANG_WARN_CONSTANT_CONVERSION = YES;
				CLANG_WARN_DEPRECATED_OBJC_IMPLEMENTATIONS = YES;
				CLANG_WARN_DIRECT_OBJC_ISA_USAGE = YES_ERROR;
				CLANG_WARN_DOCUMENTATION_COMMENTS = YES;
				CLANG_WARN_EMPTY_BODY = YES;
				CLANG_WARN_ENUM_CONVERSION = YES;
				CLANG_WARN_INFINITE_RECURSION = YES;
				CLANG_WARN_INT_CONVERSION = YES;
				CLANG_WARN_NON_LITERAL_NULL_CONVERSION = YES;
				CLANG_WARN_OBJC_IMPLICIT_RETAIN_SELF = YES;
				CLANG_WARN_OBJC_LITERAL_CONVERSION = YES;
				CLANG_WARN_OBJC_ROOT_CLASS = YES_ERROR;
				CLANG_WARN_RANGE_LOOP_ANALYSIS = YES;
				CLANG_WARN_STRICT_PROTOTYPES = YES;
				CLANG_WARN_SUSPICIOUS_MOVE = YES;
				CLANG_WARN_UNGUARDED_AVAILABILITY = YES_AGGRESSIVE;
				CLANG_WARN_UNREACHABLE_CODE = YES;
				CLANG_WARN__DUPLICATE_METHOD_MATCH = YES;
				CODE_SIGN_IDENTITY = "iPhone Developer";
				COPY_PHASE_STRIP = NO;
				DEBUG_INFORMATION_FORMAT = dwarf;
				ENABLE_STRICT_OBJC_MSGSEND = YES;
				ENABLE_TESTABILITY = YES;
				GCC_C_LANGUAGE_STANDARD = gnu11;
				GCC_DYNAMIC_NO_PIC = NO;
				GCC_NO_COMMON_BLOCKS = YES;
				GCC_OPTIMIZATION_LEVEL = 0;
				GCC_PREPROCESSOR_DEFINITIONS = (
					"DEBUG=1",
					"$(inherited)",
				);
				GCC_WARN_64_TO_32_BIT_CONVERSION = YES;
				GCC_WARN_ABOUT_RETURN_TYPE = YES_ERROR;
				GCC_WARN_UNDECLARED_SELECTOR = YES;
				GCC_WARN_UNINITIALIZED_AUTOS = YES_AGGRESSIVE;
				GCC_WARN_UNUSED_FUNCTION = YES;
				GCC_WARN_UNUSED_VARIABLE = YES;
				IPHONEOS_DEPLOYMENT_TARGET = 11.3;
				MTL_ENABLE_DEBUG_INFO = YES;
				ONLY_ACTIVE_ARCH = YES;
				SDKROOT = iphoneos;
				SWIFT_ACTIVE_COMPILATION_CONDITIONS = DEBUG;
				SWIFT_OPTIMIZATION_LEVEL = "-Onone";
			};
			name = Debug;
		};
		65ABA3DD20846A0E000A5B42 /* Release */ = {
			isa = XCBuildConfiguration;
			buildSettings = {
				ALWAYS_SEARCH_USER_PATHS = NO;
				CLANG_ANALYZER_NONNULL = YES;
				CLANG_ANALYZER_NUMBER_OBJECT_CONVERSION = YES_AGGRESSIVE;
				CLANG_CXX_LANGUAGE_STANDARD = "gnu++14";
				CLANG_CXX_LIBRARY = "libc++";
				CLANG_ENABLE_MODULES = YES;
				CLANG_ENABLE_OBJC_ARC = YES;
				CLANG_ENABLE_OBJC_WEAK = YES;
				CLANG_WARN_BLOCK_CAPTURE_AUTORELEASING = YES;
				CLANG_WARN_BOOL_CONVERSION = YES;
				CLANG_WARN_COMMA = YES;
				CLANG_WARN_CONSTANT_CONVERSION = YES;
				CLANG_WARN_DEPRECATED_OBJC_IMPLEMENTATIONS = YES;
				CLANG_WARN_DIRECT_OBJC_ISA_USAGE = YES_ERROR;
				CLANG_WARN_DOCUMENTATION_COMMENTS = YES;
				CLANG_WARN_EMPTY_BODY = YES;
				CLANG_WARN_ENUM_CONVERSION = YES;
				CLANG_WARN_INFINITE_RECURSION = YES;
				CLANG_WARN_INT_CONVERSION = YES;
				CLANG_WARN_NON_LITERAL_NULL_CONVERSION = YES;
				CLANG_WARN_OBJC_IMPLICIT_RETAIN_SELF = YES;
				CLANG_WARN_OBJC_LITERAL_CONVERSION = YES;
				CLANG_WARN_OBJC_ROOT_CLASS = YES_ERROR;
				CLANG_WARN_RANGE_LOOP_ANALYSIS = YES;
				CLANG_WARN_STRICT_PROTOTYPES = YES;
				CLANG_WARN_SUSPICIOUS_MOVE = YES;
				CLANG_WARN_UNGUARDED_AVAILABILITY = YES_AGGRESSIVE;
				CLANG_WARN_UNREACHABLE_CODE = YES;
				CLANG_WARN__DUPLICATE_METHOD_MATCH = YES;
				CODE_SIGN_IDENTITY = "iPhone Developer";
				COPY_PHASE_STRIP = NO;
				DEBUG_INFORMATION_FORMAT = "dwarf-with-dsym";
				ENABLE_NS_ASSERTIONS = NO;
				ENABLE_STRICT_OBJC_MSGSEND = YES;
				GCC_C_LANGUAGE_STANDARD = gnu11;
				GCC_NO_COMMON_BLOCKS = YES;
				GCC_WARN_64_TO_32_BIT_CONVERSION = YES;
				GCC_WARN_ABOUT_RETURN_TYPE = YES_ERROR;
				GCC_WARN_UNDECLARED_SELECTOR = YES;
				GCC_WARN_UNINITIALIZED_AUTOS = YES_AGGRESSIVE;
				GCC_WARN_UNUSED_FUNCTION = YES;
				GCC_WARN_UNUSED_VARIABLE = YES;
				IPHONEOS_DEPLOYMENT_TARGET = 11.3;
				MTL_ENABLE_DEBUG_INFO = NO;
				SDKROOT = iphoneos;
				SWIFT_COMPILATION_MODE = wholemodule;
				SWIFT_OPTIMIZATION_LEVEL = "-O";
				VALIDATE_PRODUCT = YES;
			};
			name = Release;
		};
		65ABA3DF20846A0E000A5B42 /* Debug */ = {
			isa = XCBuildConfiguration;
			baseConfigurationReference = 53EE2F80D76B4A835E4EDFBC /* Pods-Solviant.debug.xcconfig */;
			buildSettings = {
				ASSETCATALOG_COMPILER_APPICON_NAME = AppIcon;
				CLANG_ENABLE_MODULES = YES;
				CODE_SIGN_IDENTITY = "iPhone Developer";
				CODE_SIGN_STYLE = Automatic;
				DEVELOPMENT_TEAM = H6ZNMT32K7;
				FRAMEWORK_SEARCH_PATHS = (
					"$(inherited)",
					"$(PROJECT_DIR)/X1/Source/Library/LinkedIn",
				);
				INFOPLIST_FILE = X1/Info.plist;
				IPHONEOS_DEPLOYMENT_TARGET = 10.0;
				LD_RUNPATH_SEARCH_PATHS = (
					"$(inherited)",
					"@executable_path/Frameworks",
				);
				PRODUCT_BUNDLE_IDENTIFIER = com.aq.solviant;
				PRODUCT_NAME = "$(TARGET_NAME)";
				PROVISIONING_PROFILE_SPECIFIER = "";
				SWIFT_OBJC_BRIDGING_HEADER = "X1/X1-Bridging-Header.h";
				SWIFT_OPTIMIZATION_LEVEL = "-Onone";
				SWIFT_VERSION = 4.0;
				TARGETED_DEVICE_FAMILY = "1,2";
			};
			name = Debug;
		};
		65ABA3E020846A0E000A5B42 /* Release */ = {
			isa = XCBuildConfiguration;
			baseConfigurationReference = 79A512F509C2E59DD2EAC423 /* Pods-Solviant.release.xcconfig */;
			buildSettings = {
				ASSETCATALOG_COMPILER_APPICON_NAME = AppIcon;
				CLANG_ENABLE_MODULES = YES;
				CODE_SIGN_IDENTITY = "iPhone Developer";
				CODE_SIGN_STYLE = Automatic;
				DEVELOPMENT_TEAM = H6ZNMT32K7;
				FRAMEWORK_SEARCH_PATHS = (
					"$(inherited)",
					"$(PROJECT_DIR)/X1/Source/Library/LinkedIn",
				);
				INFOPLIST_FILE = X1/Info.plist;
				IPHONEOS_DEPLOYMENT_TARGET = 10.0;
				LD_RUNPATH_SEARCH_PATHS = (
					"$(inherited)",
					"@executable_path/Frameworks",
				);
				PRODUCT_BUNDLE_IDENTIFIER = com.aq.solviant;
				PRODUCT_NAME = "$(TARGET_NAME)";
				PROVISIONING_PROFILE_SPECIFIER = "";
				SWIFT_OBJC_BRIDGING_HEADER = "X1/X1-Bridging-Header.h";
				SWIFT_VERSION = 4.0;
				TARGETED_DEVICE_FAMILY = "1,2";
			};
			name = Release;
		};
/* End XCBuildConfiguration section */

/* Begin XCConfigurationList section */
		65ABA3C720846A0D000A5B42 /* Build configuration list for PBXProject "Solviant" */ = {
			isa = XCConfigurationList;
			buildConfigurations = (
				65ABA3DC20846A0E000A5B42 /* Debug */,
				65ABA3DD20846A0E000A5B42 /* Release */,
			);
			defaultConfigurationIsVisible = 0;
			defaultConfigurationName = Release;
		};
		65ABA3DE20846A0E000A5B42 /* Build configuration list for PBXNativeTarget "Solviant" */ = {
			isa = XCConfigurationList;
			buildConfigurations = (
				65ABA3DF20846A0E000A5B42 /* Debug */,
				65ABA3E020846A0E000A5B42 /* Release */,
			);
			defaultConfigurationIsVisible = 0;
			defaultConfigurationName = Release;
		};
/* End XCConfigurationList section */
	};
	rootObject = 65ABA3C420846A0D000A5B42 /* Project object */;
}
